// !$*UTF8*$!
{
	archiveVersion = 1;
	classes = {
	};
	objectVersion = 46;
	objects = {

/* Begin PBXBuildFile section */
		040F4FE61D74497A0056725F /* NSTimeIntervalExtension.swift in Sources */ = {isa = PBXBuildFile; fileRef = 040F4FE51D74497A0056725F /* NSTimeIntervalExtension.swift */; };
		04178D801D6ED67100DCE8CA /* uploadFoodViewController.swift in Sources */ = {isa = PBXBuildFile; fileRef = 04178D7F1D6ED67100DCE8CA /* uploadFoodViewController.swift */; };
		04178D821D6ED68F00DCE8CA /* FoodCollectionViewCell.swift in Sources */ = {isa = PBXBuildFile; fileRef = 04178D811D6ED68F00DCE8CA /* FoodCollectionViewCell.swift */; };
		04178D841D6ED6A000DCE8CA /* FoodCollectionViewCell.xib in Resources */ = {isa = PBXBuildFile; fileRef = 04178D831D6ED6A000DCE8CA /* FoodCollectionViewCell.xib */; };
		04178D861D6ED96F00DCE8CA /* displayFoodViewController.swift in Sources */ = {isa = PBXBuildFile; fileRef = 04178D851D6ED96F00DCE8CA /* displayFoodViewController.swift */; };
		042E385C1D72A82300BF8D74 /* NHDPayPalViewController.swift in Sources */ = {isa = PBXBuildFile; fileRef = 042E385B1D72A82300BF8D74 /* NHDPayPalViewController.swift */; };
		042E385E1D72ADAA00BF8D74 /* NHDPayPalViewController.xib in Resources */ = {isa = PBXBuildFile; fileRef = 042E385D1D72ADAA00BF8D74 /* NHDPayPalViewController.xib */; };
		04426AD11D5D9B07005B3621 /* SignInViewController.swift in Sources */ = {isa = PBXBuildFile; fileRef = 04426ACC1D5D9B07005B3621 /* SignInViewController.swift */; };
		04426AD21D5D9B07005B3621 /* MainTabBarViewController.swift in Sources */ = {isa = PBXBuildFile; fileRef = 04426ACF1D5D9B07005B3621 /* MainTabBarViewController.swift */; };
		04426AD41D5D9B22005B3621 /* SignIn.storyboard in Resources */ = {isa = PBXBuildFile; fileRef = 04426AD31D5D9B22005B3621 /* SignIn.storyboard */; };
		04426ADE1D5DA932005B3621 /* ChamsBlack.ttf in Resources */ = {isa = PBXBuildFile; fileRef = 04426AD91D5DA932005B3621 /* ChamsBlack.ttf */; };
		04426ADF1D5DA932005B3621 /* ChamsBold Italic.ttf in Resources */ = {isa = PBXBuildFile; fileRef = 04426ADA1D5DA932005B3621 /* ChamsBold Italic.ttf */; };
		04426AE01D5DA932005B3621 /* ChamsBold.ttf in Resources */ = {isa = PBXBuildFile; fileRef = 04426ADB1D5DA932005B3621 /* ChamsBold.ttf */; };
		04426AE11D5DA932005B3621 /* ChamsItalic.ttf in Resources */ = {isa = PBXBuildFile; fileRef = 04426ADC1D5DA932005B3621 /* ChamsItalic.ttf */; };
		04426AE21D5DA932005B3621 /* ChamsRegular.ttf in Resources */ = {isa = PBXBuildFile; fileRef = 04426ADD1D5DA932005B3621 /* ChamsRegular.ttf */; };
		04426AEF1D5DAA2C005B3621 /* BaseNavigationController.swift in Sources */ = {isa = PBXBuildFile; fileRef = 04426AE71D5DAA2C005B3621 /* BaseNavigationController.swift */; };
		04426AF01D5DAA2C005B3621 /* NHDFontBucket.swift in Sources */ = {isa = PBXBuildFile; fileRef = 04426AE91D5DAA2C005B3621 /* NHDFontBucket.swift */; };
		04426AF11D5DAA2C005B3621 /* UIImageExtension.swift in Sources */ = {isa = PBXBuildFile; fileRef = 04426AEB1D5DAA2C005B3621 /* UIImageExtension.swift */; };
		04426AF21D5DAA2C005B3621 /* UIImageViewExtension.swift in Sources */ = {isa = PBXBuildFile; fileRef = 04426AEC1D5DAA2C005B3621 /* UIImageViewExtension.swift */; };
		04426AF31D5DAA2C005B3621 /* Configuration.swift in Sources */ = {isa = PBXBuildFile; fileRef = 04426AEE1D5DAA2C005B3621 /* Configuration.swift */; };
		04426AF61D5DB324005B3621 /* NHDTabbarView.swift in Sources */ = {isa = PBXBuildFile; fileRef = 04426AF41D5DB324005B3621 /* NHDTabbarView.swift */; };
		04426AF71D5DB324005B3621 /* NHDTabbarView.xib in Resources */ = {isa = PBXBuildFile; fileRef = 04426AF51D5DB324005B3621 /* NHDTabbarView.xib */; };
		04426B111D5DB4C9005B3621 /* Recorder.storyboard in Resources */ = {isa = PBXBuildFile; fileRef = 04426AFB1D5DB4C9005B3621 /* Recorder.storyboard */; };
		04426B121D5DB4C9005B3621 /* SCRecorderViewController.m in Sources */ = {isa = PBXBuildFile; fileRef = 04426AFD1D5DB4C9005B3621 /* SCRecorderViewController.m */; };
		04426B131D5DB4C9005B3621 /* a_filter.cisf in Resources */ = {isa = PBXBuildFile; fileRef = 04426AFF1D5DB4C9005B3621 /* a_filter.cisf */; };
		04426B141D5DB4C9005B3621 /* SCEditVideoViewController.m in Sources */ = {isa = PBXBuildFile; fileRef = 04426B011D5DB4C9005B3621 /* SCEditVideoViewController.m */; };
		04426B151D5DB4C9005B3621 /* SCImageDisplayerViewController.m in Sources */ = {isa = PBXBuildFile; fileRef = 04426B031D5DB4C9005B3621 /* SCImageDisplayerViewController.m */; };
		04426B161D5DB4C9005B3621 /* SCRecordSessionManager.m in Sources */ = {isa = PBXBuildFile; fileRef = 04426B051D5DB4C9005B3621 /* SCRecordSessionManager.m */; };
		04426B171D5DB4C9005B3621 /* SCSessionListViewController.m in Sources */ = {isa = PBXBuildFile; fileRef = 04426B071D5DB4C9005B3621 /* SCSessionListViewController.m */; };
		04426B181D5DB4C9005B3621 /* SCSessionTableViewCell.m in Sources */ = {isa = PBXBuildFile; fileRef = 04426B091D5DB4C9005B3621 /* SCSessionTableViewCell.m */; };
		04426B191D5DB4C9005B3621 /* SCTouchDetector.m in Sources */ = {isa = PBXBuildFile; fileRef = 04426B0B1D5DB4C9005B3621 /* SCTouchDetector.m */; };
		04426B1A1D5DB4C9005B3621 /* SCVideoPlayerViewController.m in Sources */ = {isa = PBXBuildFile; fileRef = 04426B0D1D5DB4C9005B3621 /* SCVideoPlayerViewController.m */; };
		04426B1B1D5DB4C9005B3621 /* SCWatermarkOverlayView.m in Sources */ = {isa = PBXBuildFile; fileRef = 04426B0F1D5DB4C9005B3621 /* SCWatermarkOverlayView.m */; };
		04426B1F1D5DBA35005B3621 /* GoogleService-Info.plist in Resources */ = {isa = PBXBuildFile; fileRef = 04426B1D1D5DBA34005B3621 /* GoogleService-Info.plist */; };
		04426B201D5DBA35005B3621 /* HealthyLife-40181a67534f.json in Resources */ = {isa = PBXBuildFile; fileRef = 04426B1E1D5DBA35005B3621 /* HealthyLife-40181a67534f.json */; };
		044E63571D7529DE00E35209 /* videoplayback.mp4 in Resources */ = {isa = PBXBuildFile; fileRef = 044E63561D7529DE00E35209 /* videoplayback.mp4 */; };
		044E63601D75619E00E35209 /* NHDYouTubeSearchVideoVC.swift in Sources */ = {isa = PBXBuildFile; fileRef = 044E635E1D75619E00E35209 /* NHDYouTubeSearchVideoVC.swift */; };
		044E63611D75619E00E35209 /* YouTube.storyboard in Resources */ = {isa = PBXBuildFile; fileRef = 044E635F1D75619E00E35209 /* YouTube.storyboard */; };
		044E63651D7571B900E35209 /* NHDYouTubeTableViewCell.swift in Sources */ = {isa = PBXBuildFile; fileRef = 044E63641D7571B900E35209 /* NHDYouTubeTableViewCell.swift */; };
		044E63671D7572EC00E35209 /* NHDYouTubeModel.swift in Sources */ = {isa = PBXBuildFile; fileRef = 044E63661D7572EC00E35209 /* NHDYouTubeModel.swift */; };
		044E63691D759A5600E35209 /* BaseTableViewCell.swift in Sources */ = {isa = PBXBuildFile; fileRef = 044E63681D759A5600E35209 /* BaseTableViewCell.swift */; };
		0452B5071D7B14E00045AEF9 /* FloatRatingView.swift in Sources */ = {isa = PBXBuildFile; fileRef = 0452B5061D7B14E00045AEF9 /* FloatRatingView.swift */; };
		04A66B8C1D7C666F00B6BE3E /* RoundedConrerButton.swift in Sources */ = {isa = PBXBuildFile; fileRef = 04A66B8B1D7C666F00B6BE3E /* RoundedConrerButton.swift */; };
		04A66B8E1D7C6F3700B6BE3E /* LaunchImage-ios7-retina4@2x.png in Resources */ = {isa = PBXBuildFile; fileRef = 04A66B8D1D7C6F3700B6BE3E /* LaunchImage-ios7-retina4@2x.png */; };
		04ABC9551D6BF5E800EF0339 /* NHDSplash.xib in Resources */ = {isa = PBXBuildFile; fileRef = 04ABC9541D6BF5E800EF0339 /* NHDSplash.xib */; };
		04ABC9571D6BF7FD00EF0339 /* NHDSplash.swift in Sources */ = {isa = PBXBuildFile; fileRef = 04ABC9561D6BF7FD00EF0339 /* NHDSplash.swift */; };
		04B8C4261D73E8BE001D5839 /* NHDVideoPlayerViewController.swift in Sources */ = {isa = PBXBuildFile; fileRef = 04B8C4241D73E8BE001D5839 /* NHDVideoPlayerViewController.swift */; };
		04B8C4271D73E8BE001D5839 /* NHDVideoPlayerViewController.xib in Resources */ = {isa = PBXBuildFile; fileRef = 04B8C4251D73E8BE001D5839 /* NHDVideoPlayerViewController.xib */; };
		04BE6E261D7AD9490009F1DF /* SettingViewController.xib in Resources */ = {isa = PBXBuildFile; fileRef = 04BE6E251D7AD9490009F1DF /* SettingViewController.xib */; };
		04C8F3741D6FF84E004639E8 /* UIFontExtension.swift in Sources */ = {isa = PBXBuildFile; fileRef = 04C8F3731D6FF84E004639E8 /* UIFontExtension.swift */; };
		04D1AA781D66B3FF00106C27 /* UIColorExtension.swift in Sources */ = {isa = PBXBuildFile; fileRef = 04D1AA771D66B3FF00106C27 /* UIColorExtension.swift */; };
		04D1AA7A1D66E34D00106C27 /* uploadVideoViewController.xib in Resources */ = {isa = PBXBuildFile; fileRef = 04D1AA791D66E34D00106C27 /* uploadVideoViewController.xib */; };
		04D1AA7C1D66FC4E00106C27 /* Helper.swift in Sources */ = {isa = PBXBuildFile; fileRef = 04D1AA7B1D66FC4E00106C27 /* Helper.swift */; };
		04D1AA7E1D67046600106C27 /* BaseViewController.swift in Sources */ = {isa = PBXBuildFile; fileRef = 04D1AA7D1D67046600106C27 /* BaseViewController.swift */; };
		04DC46831D7D382D00EA456E /* uploadFoodViewController.xib in Resources */ = {isa = PBXBuildFile; fileRef = 04DC46821D7D382D00EA456E /* uploadFoodViewController.xib */; };
		04DC46851D7D3E0100EA456E /* CustomCamera.swift in Sources */ = {isa = PBXBuildFile; fileRef = 04DC46841D7D3E0100EA456E /* CustomCamera.swift */; };
		04E7B6E61D6EA8E70088884A /* BaseTabPageViewController.swift in Sources */ = {isa = PBXBuildFile; fileRef = 04E7B6E51D6EA8E60088884A /* BaseTabPageViewController.swift */; };
		04E7B6E81D6EC0E90088884A /* BaseTableViewController.swift in Sources */ = {isa = PBXBuildFile; fileRef = 04E7B6E71D6EC0E90088884A /* BaseTableViewController.swift */; };
		04F04F591D7482580094F9E8 /* NHDCircularTuner.swift in Sources */ = {isa = PBXBuildFile; fileRef = 04F04F581D7482580094F9E8 /* NHDCircularTuner.swift */; };
		3FEE3F4FA3D69AF73B170521 /* Pods_HealthyLife.framework in Frameworks */ = {isa = PBXBuildFile; fileRef = 27ED28D4D03289767984B938 /* Pods_HealthyLife.framework */; };
		744BC7B21D709F2200DE9BD5 /* ChartViewController.swift in Sources */ = {isa = PBXBuildFile; fileRef = 744BC7B11D709F2200DE9BD5 /* ChartViewController.swift */; };
		746E341E1D67F80900E9C9A0 /* Message.swift in Sources */ = {isa = PBXBuildFile; fileRef = 746E341D1D67F80900E9C9A0 /* Message.swift */; };
		74CBA2F41D727A0400E21CE4 /* JBLineChartFooterView.m in Sources */ = {isa = PBXBuildFile; fileRef = 74CBA2F31D727A0400E21CE4 /* JBLineChartFooterView.m */; };
		74CBA2F71D727A1600E21CE4 /* JBChartHeaderView.m in Sources */ = {isa = PBXBuildFile; fileRef = 74CBA2F61D727A1600E21CE4 /* JBChartHeaderView.m */; };
		8409619E1D533183008DE12D /* userSettingModel.swift in Sources */ = {isa = PBXBuildFile; fileRef = 8409619D1D533183008DE12D /* userSettingModel.swift */; };
		840E474C1D64B0D80002790C /* commentsViewController.swift in Sources */ = {isa = PBXBuildFile; fileRef = 840E474B1D64B0D80002790C /* commentsViewController.swift */; };
		840E474E1D64B7CE0002790C /* commentCellTableViewCell.swift in Sources */ = {isa = PBXBuildFile; fileRef = 840E474D1D64B7CE0002790C /* commentCellTableViewCell.swift */; };
		840E47521D64CF4E0002790C /* DetailsActivitiesDoneViewController.swift in Sources */ = {isa = PBXBuildFile; fileRef = 840E47511D64CF4E0002790C /* DetailsActivitiesDoneViewController.swift */; };
		840E47541D64D2AB0002790C /* ActivitiesDoneCellTableViewCell.swift in Sources */ = {isa = PBXBuildFile; fileRef = 840E47531D64D2AB0002790C /* ActivitiesDoneCellTableViewCell.swift */; };
		84181DE21D47C99800686BAB /* AppDelegate.swift in Sources */ = {isa = PBXBuildFile; fileRef = 84181DE11D47C99800686BAB /* AppDelegate.swift */; };
		84181DE71D47C99800686BAB /* Main.storyboard in Resources */ = {isa = PBXBuildFile; fileRef = 84181DE51D47C99800686BAB /* Main.storyboard */; };
		84181DEC1D47C99800686BAB /* Assets.xcassets in Resources */ = {isa = PBXBuildFile; fileRef = 84181DEB1D47C99800686BAB /* Assets.xcassets */; };
		84181DFA1D47C99800686BAB /* HealthyLifeTests.swift in Sources */ = {isa = PBXBuildFile; fileRef = 84181DF91D47C99800686BAB /* HealthyLifeTests.swift */; };
		84181E051D47C99800686BAB /* HealthyLifeUITests.swift in Sources */ = {isa = PBXBuildFile; fileRef = 84181E041D47C99800686BAB /* HealthyLifeUITests.swift */; };
		841DDAB51D5485BD007917E7 /* cellTableViewCell.swift in Sources */ = {isa = PBXBuildFile; fileRef = 841DDAB41D5485BD007917E7 /* cellTableViewCell.swift */; };
		841DDAB71D54917B007917E7 /* sendPlanViewController.swift in Sources */ = {isa = PBXBuildFile; fileRef = 841DDAB61D54917B007917E7 /* sendPlanViewController.swift */; };
		841DDABB1D54CE34007917E7 /* followerModel.swift in Sources */ = {isa = PBXBuildFile; fileRef = 841DDABA1D54CE34007917E7 /* followerModel.swift */; };
		8420E2051D6BF85E00F3CBAE /* cellDailyTableViewCell.swift in Sources */ = {isa = PBXBuildFile; fileRef = 8420E2041D6BF85E00F3CBAE /* cellDailyTableViewCell.swift */; };
		842476E71D743884002E796A /* PrictListViewController.swift in Sources */ = {isa = PBXBuildFile; fileRef = 842476E61D743884002E796A /* PrictListViewController.swift */; };
		8448B1A71D58434500DBFFFB /* chatViewController.swift in Sources */ = {isa = PBXBuildFile; fileRef = 8448B1A61D58434500DBFFFB /* chatViewController.swift */; };
		844902241D56064900B8ADF3 /* Plan.swift in Sources */ = {isa = PBXBuildFile; fileRef = 844902231D56064900B8ADF3 /* Plan.swift */; };
		844902271D56310C00B8ADF3 /* trackingViewController.swift in Sources */ = {isa = PBXBuildFile; fileRef = 844902261D56310C00B8ADF3 /* trackingViewController.swift */; };
		844A4C8F1D75427900C9FDFB /* pricelistCellTableViewCell.swift in Sources */ = {isa = PBXBuildFile; fileRef = 844A4C8E1D75427900C9FDFB /* pricelistCellTableViewCell.swift */; };
		844A87291D586E7100DEC697 /* talksViewController.swift in Sources */ = {isa = PBXBuildFile; fileRef = 844A87281D586E7100DEC697 /* talksViewController.swift */; };
		844A872B1D58704D00DEC697 /* chatterModel.swift in Sources */ = {isa = PBXBuildFile; fileRef = 844A872A1D58704D00DEC697 /* chatterModel.swift */; };
		844B8FF31D668B0800B42991 /* displayCellTableViewCell.swift in Sources */ = {isa = PBXBuildFile; fileRef = 844B8FF21D668B0800B42991 /* displayCellTableViewCell.swift */; };
		844B8FF51D668C8900B42991 /* ResultModel.swift in Sources */ = {isa = PBXBuildFile; fileRef = 844B8FF41D668C8900B42991 /* ResultModel.swift */; };
		84630B931D5773D60006A8FC /* sendedPlanCellTableViewCell.swift in Sources */ = {isa = PBXBuildFile; fileRef = 84630B921D5773D60006A8FC /* sendedPlanCellTableViewCell.swift */; };
		846BFCCB1D65AF31009333B1 /* displayResultViewController.swift in Sources */ = {isa = PBXBuildFile; fileRef = 846BFCCA1D65AF31009333B1 /* displayResultViewController.swift */; };
		846BFCCD1D65AF3D009333B1 /* uploadResultViewController.swift in Sources */ = {isa = PBXBuildFile; fileRef = 846BFCCC1D65AF3D009333B1 /* uploadResultViewController.swift */; };
		846F3D841D56EB3800722674 /* TrackingCellTableViewCell.swift in Sources */ = {isa = PBXBuildFile; fileRef = 846F3D831D56EB3800722674 /* TrackingCellTableViewCell.swift */; };
		8470B3EC1D66D249000D7638 /* TrainerDetailViewController.swift in Sources */ = {isa = PBXBuildFile; fileRef = 8470B3EB1D66D249000D7638 /* TrainerDetailViewController.swift */; };
		847C45411D52E5F500826536 /* NewFeedtablviewCellTableViewCell.swift in Sources */ = {isa = PBXBuildFile; fileRef = 847C45401D52E5F500826536 /* NewFeedtablviewCellTableViewCell.swift */; };
		8482256F1D4E414500750118 /* demoModel.swift in Sources */ = {isa = PBXBuildFile; fileRef = 8482256E1D4E414500750118 /* demoModel.swift */; };
		848225711D4E42CB00750118 /* demoLibViewController.swift in Sources */ = {isa = PBXBuildFile; fileRef = 848225701D4E42CB00750118 /* demoLibViewController.swift */; };
		848225731D4E430D00750118 /* demoTableViewCell.swift in Sources */ = {isa = PBXBuildFile; fileRef = 848225721D4E430D00750118 /* demoTableViewCell.swift */; };
		8493714F1D6365410096CE4B /* vidCellTableViewCell.swift in Sources */ = {isa = PBXBuildFile; fileRef = 8493714E1D6365410096CE4B /* vidCellTableViewCell.swift */; };
		849371511D6365690096CE4B /* uploadVideoViewController.swift in Sources */ = {isa = PBXBuildFile; fileRef = 849371501D6365690096CE4B /* uploadVideoViewController.swift */; };
		849371531D6365780096CE4B /* yourVideosViewController.swift in Sources */ = {isa = PBXBuildFile; fileRef = 849371521D6365780096CE4B /* yourVideosViewController.swift */; };
		849371551D63658C0096CE4B /* addPlanVidViewController.swift in Sources */ = {isa = PBXBuildFile; fileRef = 849371541D63658C0096CE4B /* addPlanVidViewController.swift */; };
		84937EE21D5081EC00E9CBC0 /* SettingViewController.swift in Sources */ = {isa = PBXBuildFile; fileRef = 84937EE11D5081EC00E9CBC0 /* SettingViewController.swift */; };
		84AB527D1D48877400CB99FE /* journalViewController.swift in Sources */ = {isa = PBXBuildFile; fileRef = 84AB527C1D48877400CB99FE /* journalViewController.swift */; };
		84AB52801D48881F00CB99FE /* foodModel.swift in Sources */ = {isa = PBXBuildFile; fileRef = 84AB527F1D48881F00CB99FE /* foodModel.swift */; };
		84AB52821D488A6000CB99FE /* FoodTableViewCell.swift in Sources */ = {isa = PBXBuildFile; fileRef = 84AB52811D488A6000CB99FE /* FoodTableViewCell.swift */; };
		84B114E81D56416800916206 /* trackingModel.swift in Sources */ = {isa = PBXBuildFile; fileRef = 84B114E71D56416800916206 /* trackingModel.swift */; };
		84BD7C7F1D63FF5D006A868E /* ratingViewController.swift in Sources */ = {isa = PBXBuildFile; fileRef = 84BD7C7E1D63FF5D006A868E /* ratingViewController.swift */; };
		84C367891D65680D0033AFC1 /* AddDemoViewController.swift in Sources */ = {isa = PBXBuildFile; fileRef = 84C367881D65680D0033AFC1 /* AddDemoViewController.swift */; };
		84C8920C1D63450700DA1F2B /* TalksCellTableViewCell.swift in Sources */ = {isa = PBXBuildFile; fileRef = 84C8920B1D63450700DA1F2B /* TalksCellTableViewCell.swift */; };
		84EB16A61D74259B0055BC8A /* editViewController.swift in Sources */ = {isa = PBXBuildFile; fileRef = 84EB16A51D74259B0055BC8A /* editViewController.swift */; };
		84F686BF1D73E7DD008A30EF /* SchedulePlanViewController.swift in Sources */ = {isa = PBXBuildFile; fileRef = 84F686BE1D73E7DD008A30EF /* SchedulePlanViewController.swift */; };
		84FACC9B1D4EF86700E73FDC /* Data.swift in Sources */ = {isa = PBXBuildFile; fileRef = 84FACC9A1D4EF86700E73FDC /* Data.swift */; };
		84FACCA01D4F01FD00E73FDC /* weeklyPlanViewController.swift in Sources */ = {isa = PBXBuildFile; fileRef = 84FACC9F1D4F01FD00E73FDC /* weeklyPlanViewController.swift */; };
		84FACCA21D4F021100E73FDC /* dailyPlanViewController.swift in Sources */ = {isa = PBXBuildFile; fileRef = 84FACCA11D4F021100E73FDC /* dailyPlanViewController.swift */; };
		84FACCA41D4F022200E73FDC /* DetailViewController.swift in Sources */ = {isa = PBXBuildFile; fileRef = 84FACCA31D4F022200E73FDC /* DetailViewController.swift */; };
		84FACCA81D4F048A00E73FDC /* Activities.swift in Sources */ = {isa = PBXBuildFile; fileRef = 84FACCA71D4F048A00E73FDC /* Activities.swift */; };
		84FACCAD1D4F3D6A00E73FDC /* NewfeedViewController.swift in Sources */ = {isa = PBXBuildFile; fileRef = 84FACCAC1D4F3D6A00E73FDC /* NewfeedViewController.swift */; };
		84FACCAF1D4F3EC700E73FDC /* newFeed.swift in Sources */ = {isa = PBXBuildFile; fileRef = 84FACCAE1D4F3EC700E73FDC /* newFeed.swift */; };
/* End PBXBuildFile section */

/* Begin PBXContainerItemProxy section */
		84181DF61D47C99800686BAB /* PBXContainerItemProxy */ = {
			isa = PBXContainerItemProxy;
			containerPortal = 84181DD61D47C99800686BAB /* Project object */;
			proxyType = 1;
			remoteGlobalIDString = 84181DDD1D47C99800686BAB;
			remoteInfo = HealthyLife;
		};
		84181E011D47C99800686BAB /* PBXContainerItemProxy */ = {
			isa = PBXContainerItemProxy;
			containerPortal = 84181DD61D47C99800686BAB /* Project object */;
			proxyType = 1;
			remoteGlobalIDString = 84181DDD1D47C99800686BAB;
			remoteInfo = HealthyLife;
		};
/* End PBXContainerItemProxy section */

/* Begin PBXFileReference section */
		040F4FE51D74497A0056725F /* NSTimeIntervalExtension.swift */ = {isa = PBXFileReference; fileEncoding = 4; lastKnownFileType = sourcecode.swift; path = NSTimeIntervalExtension.swift; sourceTree = "<group>"; };
		04178D7F1D6ED67100DCE8CA /* uploadFoodViewController.swift */ = {isa = PBXFileReference; fileEncoding = 4; lastKnownFileType = sourcecode.swift; path = uploadFoodViewController.swift; sourceTree = "<group>"; };
		04178D811D6ED68F00DCE8CA /* FoodCollectionViewCell.swift */ = {isa = PBXFileReference; fileEncoding = 4; lastKnownFileType = sourcecode.swift; path = FoodCollectionViewCell.swift; sourceTree = "<group>"; };
		04178D831D6ED6A000DCE8CA /* FoodCollectionViewCell.xib */ = {isa = PBXFileReference; fileEncoding = 4; lastKnownFileType = file.xib; path = FoodCollectionViewCell.xib; sourceTree = "<group>"; };
		04178D851D6ED96F00DCE8CA /* displayFoodViewController.swift */ = {isa = PBXFileReference; fileEncoding = 4; lastKnownFileType = sourcecode.swift; path = displayFoodViewController.swift; sourceTree = "<group>"; };
		042E38591D729A3600BF8D74 /* HealthyLife-Bridging-Header.h */ = {isa = PBXFileReference; fileEncoding = 4; lastKnownFileType = sourcecode.c.h; path = "HealthyLife-Bridging-Header.h"; sourceTree = "<group>"; };
		042E385B1D72A82300BF8D74 /* NHDPayPalViewController.swift */ = {isa = PBXFileReference; fileEncoding = 4; lastKnownFileType = sourcecode.swift; path = NHDPayPalViewController.swift; sourceTree = "<group>"; };
		042E385D1D72ADAA00BF8D74 /* NHDPayPalViewController.xib */ = {isa = PBXFileReference; fileEncoding = 4; lastKnownFileType = file.xib; path = NHDPayPalViewController.xib; sourceTree = "<group>"; };
		04426ACC1D5D9B07005B3621 /* SignInViewController.swift */ = {isa = PBXFileReference; fileEncoding = 4; lastKnownFileType = sourcecode.swift; path = SignInViewController.swift; sourceTree = "<group>"; };
		04426ACF1D5D9B07005B3621 /* MainTabBarViewController.swift */ = {isa = PBXFileReference; fileEncoding = 4; lastKnownFileType = sourcecode.swift; path = MainTabBarViewController.swift; sourceTree = "<group>"; };
		04426AD31D5D9B22005B3621 /* SignIn.storyboard */ = {isa = PBXFileReference; fileEncoding = 4; lastKnownFileType = file.storyboard; path = SignIn.storyboard; sourceTree = "<group>"; };
		04426AD91D5DA932005B3621 /* ChamsBlack.ttf */ = {isa = PBXFileReference; lastKnownFileType = file; path = ChamsBlack.ttf; sourceTree = "<group>"; };
		04426ADA1D5DA932005B3621 /* ChamsBold Italic.ttf */ = {isa = PBXFileReference; lastKnownFileType = file; path = "ChamsBold Italic.ttf"; sourceTree = "<group>"; };
		04426ADB1D5DA932005B3621 /* ChamsBold.ttf */ = {isa = PBXFileReference; lastKnownFileType = file; path = ChamsBold.ttf; sourceTree = "<group>"; };
		04426ADC1D5DA932005B3621 /* ChamsItalic.ttf */ = {isa = PBXFileReference; lastKnownFileType = file; path = ChamsItalic.ttf; sourceTree = "<group>"; };
		04426ADD1D5DA932005B3621 /* ChamsRegular.ttf */ = {isa = PBXFileReference; lastKnownFileType = file; path = ChamsRegular.ttf; sourceTree = "<group>"; };
		04426AE71D5DAA2C005B3621 /* BaseNavigationController.swift */ = {isa = PBXFileReference; fileEncoding = 4; lastKnownFileType = sourcecode.swift; path = BaseNavigationController.swift; sourceTree = "<group>"; };
		04426AE91D5DAA2C005B3621 /* NHDFontBucket.swift */ = {isa = PBXFileReference; fileEncoding = 4; lastKnownFileType = sourcecode.swift; path = NHDFontBucket.swift; sourceTree = "<group>"; };
		04426AEB1D5DAA2C005B3621 /* UIImageExtension.swift */ = {isa = PBXFileReference; fileEncoding = 4; lastKnownFileType = sourcecode.swift; path = UIImageExtension.swift; sourceTree = "<group>"; };
		04426AEC1D5DAA2C005B3621 /* UIImageViewExtension.swift */ = {isa = PBXFileReference; fileEncoding = 4; lastKnownFileType = sourcecode.swift; path = UIImageViewExtension.swift; sourceTree = "<group>"; };
		04426AEE1D5DAA2C005B3621 /* Configuration.swift */ = {isa = PBXFileReference; fileEncoding = 4; lastKnownFileType = sourcecode.swift; path = Configuration.swift; sourceTree = "<group>"; };
		04426AF41D5DB324005B3621 /* NHDTabbarView.swift */ = {isa = PBXFileReference; fileEncoding = 4; lastKnownFileType = sourcecode.swift; path = NHDTabbarView.swift; sourceTree = "<group>"; };
		04426AF51D5DB324005B3621 /* NHDTabbarView.xib */ = {isa = PBXFileReference; fileEncoding = 4; lastKnownFileType = file.xib; path = NHDTabbarView.xib; sourceTree = "<group>"; };
		04426AFB1D5DB4C9005B3621 /* Recorder.storyboard */ = {isa = PBXFileReference; fileEncoding = 4; lastKnownFileType = file.storyboard; path = Recorder.storyboard; sourceTree = "<group>"; };
		04426AFC1D5DB4C9005B3621 /* SCRecorderViewController.h */ = {isa = PBXFileReference; fileEncoding = 4; lastKnownFileType = sourcecode.c.h; path = SCRecorderViewController.h; sourceTree = "<group>"; };
		04426AFD1D5DB4C9005B3621 /* SCRecorderViewController.m */ = {isa = PBXFileReference; fileEncoding = 4; lastKnownFileType = sourcecode.c.objc; path = SCRecorderViewController.m; sourceTree = "<group>"; };
		04426AFF1D5DB4C9005B3621 /* a_filter.cisf */ = {isa = PBXFileReference; lastKnownFileType = file.bplist; path = a_filter.cisf; sourceTree = "<group>"; };
		04426B001D5DB4C9005B3621 /* SCEditVideoViewController.h */ = {isa = PBXFileReference; fileEncoding = 4; lastKnownFileType = sourcecode.c.h; path = SCEditVideoViewController.h; sourceTree = "<group>"; };
		04426B011D5DB4C9005B3621 /* SCEditVideoViewController.m */ = {isa = PBXFileReference; fileEncoding = 4; lastKnownFileType = sourcecode.c.objc; path = SCEditVideoViewController.m; sourceTree = "<group>"; };
		04426B021D5DB4C9005B3621 /* SCImageDisplayerViewController.h */ = {isa = PBXFileReference; fileEncoding = 4; lastKnownFileType = sourcecode.c.h; path = SCImageDisplayerViewController.h; sourceTree = "<group>"; };
		04426B031D5DB4C9005B3621 /* SCImageDisplayerViewController.m */ = {isa = PBXFileReference; fileEncoding = 4; lastKnownFileType = sourcecode.c.objc; path = SCImageDisplayerViewController.m; sourceTree = "<group>"; };
		04426B041D5DB4C9005B3621 /* SCRecordSessionManager.h */ = {isa = PBXFileReference; fileEncoding = 4; lastKnownFileType = sourcecode.c.h; path = SCRecordSessionManager.h; sourceTree = "<group>"; };
		04426B051D5DB4C9005B3621 /* SCRecordSessionManager.m */ = {isa = PBXFileReference; fileEncoding = 4; lastKnownFileType = sourcecode.c.objc; path = SCRecordSessionManager.m; sourceTree = "<group>"; };
		04426B061D5DB4C9005B3621 /* SCSessionListViewController.h */ = {isa = PBXFileReference; fileEncoding = 4; lastKnownFileType = sourcecode.c.h; path = SCSessionListViewController.h; sourceTree = "<group>"; };
		04426B071D5DB4C9005B3621 /* SCSessionListViewController.m */ = {isa = PBXFileReference; fileEncoding = 4; lastKnownFileType = sourcecode.c.objc; path = SCSessionListViewController.m; sourceTree = "<group>"; };
		04426B081D5DB4C9005B3621 /* SCSessionTableViewCell.h */ = {isa = PBXFileReference; fileEncoding = 4; lastKnownFileType = sourcecode.c.h; path = SCSessionTableViewCell.h; sourceTree = "<group>"; };
		04426B091D5DB4C9005B3621 /* SCSessionTableViewCell.m */ = {isa = PBXFileReference; fileEncoding = 4; lastKnownFileType = sourcecode.c.objc; path = SCSessionTableViewCell.m; sourceTree = "<group>"; };
		04426B0A1D5DB4C9005B3621 /* SCTouchDetector.h */ = {isa = PBXFileReference; fileEncoding = 4; lastKnownFileType = sourcecode.c.h; path = SCTouchDetector.h; sourceTree = "<group>"; };
		04426B0B1D5DB4C9005B3621 /* SCTouchDetector.m */ = {isa = PBXFileReference; fileEncoding = 4; lastKnownFileType = sourcecode.c.objc; path = SCTouchDetector.m; sourceTree = "<group>"; };
		04426B0C1D5DB4C9005B3621 /* SCVideoPlayerViewController.h */ = {isa = PBXFileReference; fileEncoding = 4; lastKnownFileType = sourcecode.c.h; path = SCVideoPlayerViewController.h; sourceTree = "<group>"; };
		04426B0D1D5DB4C9005B3621 /* SCVideoPlayerViewController.m */ = {isa = PBXFileReference; fileEncoding = 4; lastKnownFileType = sourcecode.c.objc; path = SCVideoPlayerViewController.m; sourceTree = "<group>"; };
		04426B0E1D5DB4C9005B3621 /* SCWatermarkOverlayView.h */ = {isa = PBXFileReference; fileEncoding = 4; lastKnownFileType = sourcecode.c.h; path = SCWatermarkOverlayView.h; sourceTree = "<group>"; };
		04426B0F1D5DB4C9005B3621 /* SCWatermarkOverlayView.m */ = {isa = PBXFileReference; fileEncoding = 4; lastKnownFileType = sourcecode.c.objc; path = SCWatermarkOverlayView.m; sourceTree = "<group>"; };
		04426B1D1D5DBA34005B3621 /* GoogleService-Info.plist */ = {isa = PBXFileReference; fileEncoding = 4; lastKnownFileType = text.plist.xml; path = "GoogleService-Info.plist"; sourceTree = "<group>"; };
		04426B1E1D5DBA35005B3621 /* HealthyLife-40181a67534f.json */ = {isa = PBXFileReference; fileEncoding = 4; lastKnownFileType = text.json; path = "HealthyLife-40181a67534f.json"; sourceTree = "<group>"; };
		04426B221D5DBE5F005B3621 /* README.md */ = {isa = PBXFileReference; fileEncoding = 4; lastKnownFileType = net.daringfireball.markdown; path = README.md; sourceTree = "<group>"; };
		044E63561D7529DE00E35209 /* videoplayback.mp4 */ = {isa = PBXFileReference; lastKnownFileType = file; path = videoplayback.mp4; sourceTree = "<group>"; };
		044E635E1D75619E00E35209 /* NHDYouTubeSearchVideoVC.swift */ = {isa = PBXFileReference; fileEncoding = 4; lastKnownFileType = sourcecode.swift; path = NHDYouTubeSearchVideoVC.swift; sourceTree = "<group>"; };
		044E635F1D75619E00E35209 /* YouTube.storyboard */ = {isa = PBXFileReference; fileEncoding = 4; lastKnownFileType = file.storyboard; path = YouTube.storyboard; sourceTree = "<group>"; };
		044E63641D7571B900E35209 /* NHDYouTubeTableViewCell.swift */ = {isa = PBXFileReference; fileEncoding = 4; lastKnownFileType = sourcecode.swift; path = NHDYouTubeTableViewCell.swift; sourceTree = "<group>"; };
		044E63661D7572EC00E35209 /* NHDYouTubeModel.swift */ = {isa = PBXFileReference; fileEncoding = 4; lastKnownFileType = sourcecode.swift; path = NHDYouTubeModel.swift; sourceTree = "<group>"; };
		044E63681D759A5600E35209 /* BaseTableViewCell.swift */ = {isa = PBXFileReference; fileEncoding = 4; lastKnownFileType = sourcecode.swift; path = BaseTableViewCell.swift; sourceTree = "<group>"; };
		0452B5061D7B14E00045AEF9 /* FloatRatingView.swift */ = {isa = PBXFileReference; fileEncoding = 4; lastKnownFileType = sourcecode.swift; path = FloatRatingView.swift; sourceTree = "<group>"; };
		04A66B8B1D7C666F00B6BE3E /* RoundedConrerButton.swift */ = {isa = PBXFileReference; fileEncoding = 4; lastKnownFileType = sourcecode.swift; path = RoundedConrerButton.swift; sourceTree = "<group>"; };
		04A66B8D1D7C6F3700B6BE3E /* LaunchImage-ios7-retina4@2x.png */ = {isa = PBXFileReference; lastKnownFileType = image.png; path = "LaunchImage-ios7-retina4@2x.png"; sourceTree = "<group>"; };
		04ABC9541D6BF5E800EF0339 /* NHDSplash.xib */ = {isa = PBXFileReference; fileEncoding = 4; lastKnownFileType = file.xib; path = NHDSplash.xib; sourceTree = "<group>"; };
		04ABC9561D6BF7FD00EF0339 /* NHDSplash.swift */ = {isa = PBXFileReference; fileEncoding = 4; lastKnownFileType = sourcecode.swift; path = NHDSplash.swift; sourceTree = "<group>"; };
		04B8C4241D73E8BE001D5839 /* NHDVideoPlayerViewController.swift */ = {isa = PBXFileReference; fileEncoding = 4; lastKnownFileType = sourcecode.swift; path = NHDVideoPlayerViewController.swift; sourceTree = "<group>"; };
		04B8C4251D73E8BE001D5839 /* NHDVideoPlayerViewController.xib */ = {isa = PBXFileReference; fileEncoding = 4; lastKnownFileType = file.xib; path = NHDVideoPlayerViewController.xib; sourceTree = "<group>"; };
		04BE6E251D7AD9490009F1DF /* SettingViewController.xib */ = {isa = PBXFileReference; fileEncoding = 4; lastKnownFileType = file.xib; path = SettingViewController.xib; sourceTree = "<group>"; };
		04C8F3731D6FF84E004639E8 /* UIFontExtension.swift */ = {isa = PBXFileReference; fileEncoding = 4; lastKnownFileType = sourcecode.swift; path = UIFontExtension.swift; sourceTree = "<group>"; };
		04D1AA771D66B3FF00106C27 /* UIColorExtension.swift */ = {isa = PBXFileReference; fileEncoding = 4; lastKnownFileType = sourcecode.swift; path = UIColorExtension.swift; sourceTree = "<group>"; };
		04D1AA791D66E34D00106C27 /* uploadVideoViewController.xib */ = {isa = PBXFileReference; fileEncoding = 4; lastKnownFileType = file.xib; path = uploadVideoViewController.xib; sourceTree = "<group>"; };
		04D1AA7B1D66FC4E00106C27 /* Helper.swift */ = {isa = PBXFileReference; fileEncoding = 4; lastKnownFileType = sourcecode.swift; path = Helper.swift; sourceTree = "<group>"; };
		04D1AA7D1D67046600106C27 /* BaseViewController.swift */ = {isa = PBXFileReference; fileEncoding = 4; lastKnownFileType = sourcecode.swift; path = BaseViewController.swift; sourceTree = "<group>"; };
		04DC46821D7D382D00EA456E /* uploadFoodViewController.xib */ = {isa = PBXFileReference; fileEncoding = 4; lastKnownFileType = file.xib; path = uploadFoodViewController.xib; sourceTree = "<group>"; };
		04DC46841D7D3E0100EA456E /* CustomCamera.swift */ = {isa = PBXFileReference; fileEncoding = 4; lastKnownFileType = sourcecode.swift; path = CustomCamera.swift; sourceTree = "<group>"; };
		04E7B6E51D6EA8E60088884A /* BaseTabPageViewController.swift */ = {isa = PBXFileReference; fileEncoding = 4; lastKnownFileType = sourcecode.swift; path = BaseTabPageViewController.swift; sourceTree = "<group>"; };
		04E7B6E71D6EC0E90088884A /* BaseTableViewController.swift */ = {isa = PBXFileReference; fileEncoding = 4; lastKnownFileType = sourcecode.swift; path = BaseTableViewController.swift; sourceTree = "<group>"; };
		04F04F581D7482580094F9E8 /* NHDCircularTuner.swift */ = {isa = PBXFileReference; fileEncoding = 4; lastKnownFileType = sourcecode.swift; path = NHDCircularTuner.swift; sourceTree = "<group>"; };
		27ED28D4D03289767984B938 /* Pods_HealthyLife.framework */ = {isa = PBXFileReference; explicitFileType = wrapper.framework; includeInIndex = 0; path = Pods_HealthyLife.framework; sourceTree = BUILT_PRODUCTS_DIR; };
		744BC7B11D709F2200DE9BD5 /* ChartViewController.swift */ = {isa = PBXFileReference; fileEncoding = 4; lastKnownFileType = sourcecode.swift; path = ChartViewController.swift; sourceTree = "<group>"; };
		746E341D1D67F80900E9C9A0 /* Message.swift */ = {isa = PBXFileReference; fileEncoding = 4; lastKnownFileType = sourcecode.swift; path = Message.swift; sourceTree = "<group>"; };
		74CBA2F21D727A0400E21CE4 /* JBLineChartFooterView.h */ = {isa = PBXFileReference; fileEncoding = 4; lastKnownFileType = sourcecode.c.h; path = JBLineChartFooterView.h; sourceTree = "<group>"; };
		74CBA2F31D727A0400E21CE4 /* JBLineChartFooterView.m */ = {isa = PBXFileReference; fileEncoding = 4; lastKnownFileType = sourcecode.c.objc; path = JBLineChartFooterView.m; sourceTree = "<group>"; };
		74CBA2F51D727A1600E21CE4 /* JBChartHeaderView.h */ = {isa = PBXFileReference; fileEncoding = 4; lastKnownFileType = sourcecode.c.h; path = JBChartHeaderView.h; sourceTree = "<group>"; };
		74CBA2F61D727A1600E21CE4 /* JBChartHeaderView.m */ = {isa = PBXFileReference; fileEncoding = 4; lastKnownFileType = sourcecode.c.objc; path = JBChartHeaderView.m; sourceTree = "<group>"; };
		7A91B12079A8F4C1D8E52CAC /* Pods-HealthyLife.release.xcconfig */ = {isa = PBXFileReference; includeInIndex = 1; lastKnownFileType = text.xcconfig; name = "Pods-HealthyLife.release.xcconfig"; path = "Pods/Target Support Files/Pods-HealthyLife/Pods-HealthyLife.release.xcconfig"; sourceTree = "<group>"; };
		8139B3732A6950CCA938866A /* Pods-HealthyLife.debug.xcconfig */ = {isa = PBXFileReference; includeInIndex = 1; lastKnownFileType = text.xcconfig; name = "Pods-HealthyLife.debug.xcconfig"; path = "Pods/Target Support Files/Pods-HealthyLife/Pods-HealthyLife.debug.xcconfig"; sourceTree = "<group>"; };
		8409619D1D533183008DE12D /* userSettingModel.swift */ = {isa = PBXFileReference; fileEncoding = 4; lastKnownFileType = sourcecode.swift; path = userSettingModel.swift; sourceTree = "<group>"; };
		840E474B1D64B0D80002790C /* commentsViewController.swift */ = {isa = PBXFileReference; fileEncoding = 4; lastKnownFileType = sourcecode.swift; path = commentsViewController.swift; sourceTree = "<group>"; };
		840E474D1D64B7CE0002790C /* commentCellTableViewCell.swift */ = {isa = PBXFileReference; fileEncoding = 4; lastKnownFileType = sourcecode.swift; path = commentCellTableViewCell.swift; sourceTree = "<group>"; };
		840E47511D64CF4E0002790C /* DetailsActivitiesDoneViewController.swift */ = {isa = PBXFileReference; fileEncoding = 4; lastKnownFileType = sourcecode.swift; path = DetailsActivitiesDoneViewController.swift; sourceTree = "<group>"; };
		840E47531D64D2AB0002790C /* ActivitiesDoneCellTableViewCell.swift */ = {isa = PBXFileReference; fileEncoding = 4; lastKnownFileType = sourcecode.swift; path = ActivitiesDoneCellTableViewCell.swift; sourceTree = "<group>"; };
		84181DDE1D47C99800686BAB /* HealthyLife.app */ = {isa = PBXFileReference; explicitFileType = wrapper.application; includeInIndex = 0; path = HealthyLife.app; sourceTree = BUILT_PRODUCTS_DIR; };
		84181DE11D47C99800686BAB /* AppDelegate.swift */ = {isa = PBXFileReference; lastKnownFileType = sourcecode.swift; path = AppDelegate.swift; sourceTree = "<group>"; };
		84181DE61D47C99800686BAB /* Base */ = {isa = PBXFileReference; lastKnownFileType = file.storyboard; name = Base; path = Base.lproj/Main.storyboard; sourceTree = "<group>"; };
		84181DEB1D47C99800686BAB /* Assets.xcassets */ = {isa = PBXFileReference; lastKnownFileType = folder.assetcatalog; path = Assets.xcassets; sourceTree = "<group>"; };
		84181DF01D47C99800686BAB /* Info.plist */ = {isa = PBXFileReference; lastKnownFileType = text.plist.xml; path = Info.plist; sourceTree = "<group>"; };
		84181DF51D47C99800686BAB /* HealthyLifeTests.xctest */ = {isa = PBXFileReference; explicitFileType = wrapper.cfbundle; includeInIndex = 0; path = HealthyLifeTests.xctest; sourceTree = BUILT_PRODUCTS_DIR; };
		84181DF91D47C99800686BAB /* HealthyLifeTests.swift */ = {isa = PBXFileReference; lastKnownFileType = sourcecode.swift; path = HealthyLifeTests.swift; sourceTree = "<group>"; };
		84181DFB1D47C99800686BAB /* Info.plist */ = {isa = PBXFileReference; lastKnownFileType = text.plist.xml; path = Info.plist; sourceTree = "<group>"; };
		84181E001D47C99800686BAB /* HealthyLifeUITests.xctest */ = {isa = PBXFileReference; explicitFileType = wrapper.cfbundle; includeInIndex = 0; path = HealthyLifeUITests.xctest; sourceTree = BUILT_PRODUCTS_DIR; };
		84181E041D47C99800686BAB /* HealthyLifeUITests.swift */ = {isa = PBXFileReference; lastKnownFileType = sourcecode.swift; path = HealthyLifeUITests.swift; sourceTree = "<group>"; };
		84181E061D47C99800686BAB /* Info.plist */ = {isa = PBXFileReference; lastKnownFileType = text.plist.xml; path = Info.plist; sourceTree = "<group>"; };
		841DDAB41D5485BD007917E7 /* cellTableViewCell.swift */ = {isa = PBXFileReference; fileEncoding = 4; lastKnownFileType = sourcecode.swift; path = cellTableViewCell.swift; sourceTree = "<group>"; };
		841DDAB61D54917B007917E7 /* sendPlanViewController.swift */ = {isa = PBXFileReference; fileEncoding = 4; lastKnownFileType = sourcecode.swift; path = sendPlanViewController.swift; sourceTree = "<group>"; };
		841DDABA1D54CE34007917E7 /* followerModel.swift */ = {isa = PBXFileReference; fileEncoding = 4; lastKnownFileType = sourcecode.swift; path = followerModel.swift; sourceTree = "<group>"; };
		8420E2041D6BF85E00F3CBAE /* cellDailyTableViewCell.swift */ = {isa = PBXFileReference; fileEncoding = 4; lastKnownFileType = sourcecode.swift; path = cellDailyTableViewCell.swift; sourceTree = "<group>"; };
		842476E61D743884002E796A /* PrictListViewController.swift */ = {isa = PBXFileReference; fileEncoding = 4; lastKnownFileType = sourcecode.swift; path = PrictListViewController.swift; sourceTree = "<group>"; };
		8448B1A61D58434500DBFFFB /* chatViewController.swift */ = {isa = PBXFileReference; fileEncoding = 4; lastKnownFileType = sourcecode.swift; path = chatViewController.swift; sourceTree = "<group>"; };
		844902231D56064900B8ADF3 /* Plan.swift */ = {isa = PBXFileReference; fileEncoding = 4; lastKnownFileType = sourcecode.swift; path = Plan.swift; sourceTree = "<group>"; };
		844902261D56310C00B8ADF3 /* trackingViewController.swift */ = {isa = PBXFileReference; fileEncoding = 4; lastKnownFileType = sourcecode.swift; path = trackingViewController.swift; sourceTree = "<group>"; };
		844A4C8E1D75427900C9FDFB /* pricelistCellTableViewCell.swift */ = {isa = PBXFileReference; fileEncoding = 4; lastKnownFileType = sourcecode.swift; path = pricelistCellTableViewCell.swift; sourceTree = "<group>"; };
		844A87281D586E7100DEC697 /* talksViewController.swift */ = {isa = PBXFileReference; fileEncoding = 4; lastKnownFileType = sourcecode.swift; path = talksViewController.swift; sourceTree = "<group>"; };
		844A872A1D58704D00DEC697 /* chatterModel.swift */ = {isa = PBXFileReference; fileEncoding = 4; lastKnownFileType = sourcecode.swift; path = chatterModel.swift; sourceTree = "<group>"; };
		844B8FF21D668B0800B42991 /* displayCellTableViewCell.swift */ = {isa = PBXFileReference; fileEncoding = 4; lastKnownFileType = sourcecode.swift; path = displayCellTableViewCell.swift; sourceTree = "<group>"; };
		844B8FF41D668C8900B42991 /* ResultModel.swift */ = {isa = PBXFileReference; fileEncoding = 4; lastKnownFileType = sourcecode.swift; path = ResultModel.swift; sourceTree = "<group>"; };
		84630B921D5773D60006A8FC /* sendedPlanCellTableViewCell.swift */ = {isa = PBXFileReference; fileEncoding = 4; lastKnownFileType = sourcecode.swift; path = sendedPlanCellTableViewCell.swift; sourceTree = "<group>"; };
		846BFCCA1D65AF31009333B1 /* displayResultViewController.swift */ = {isa = PBXFileReference; fileEncoding = 4; lastKnownFileType = sourcecode.swift; path = displayResultViewController.swift; sourceTree = "<group>"; };
		846BFCCC1D65AF3D009333B1 /* uploadResultViewController.swift */ = {isa = PBXFileReference; fileEncoding = 4; lastKnownFileType = sourcecode.swift; path = uploadResultViewController.swift; sourceTree = "<group>"; };
		846F3D831D56EB3800722674 /* TrackingCellTableViewCell.swift */ = {isa = PBXFileReference; fileEncoding = 4; lastKnownFileType = sourcecode.swift; path = TrackingCellTableViewCell.swift; sourceTree = "<group>"; };
		8470B3EB1D66D249000D7638 /* TrainerDetailViewController.swift */ = {isa = PBXFileReference; fileEncoding = 4; lastKnownFileType = sourcecode.swift; path = TrainerDetailViewController.swift; sourceTree = "<group>"; };
		847C45401D52E5F500826536 /* NewFeedtablviewCellTableViewCell.swift */ = {isa = PBXFileReference; fileEncoding = 4; lastKnownFileType = sourcecode.swift; path = NewFeedtablviewCellTableViewCell.swift; sourceTree = "<group>"; };
		8482256E1D4E414500750118 /* demoModel.swift */ = {isa = PBXFileReference; fileEncoding = 4; lastKnownFileType = sourcecode.swift; path = demoModel.swift; sourceTree = "<group>"; };
		848225701D4E42CB00750118 /* demoLibViewController.swift */ = {isa = PBXFileReference; fileEncoding = 4; lastKnownFileType = sourcecode.swift; path = demoLibViewController.swift; sourceTree = "<group>"; };
		848225721D4E430D00750118 /* demoTableViewCell.swift */ = {isa = PBXFileReference; fileEncoding = 4; lastKnownFileType = sourcecode.swift; path = demoTableViewCell.swift; sourceTree = "<group>"; };
		8493714E1D6365410096CE4B /* vidCellTableViewCell.swift */ = {isa = PBXFileReference; fileEncoding = 4; lastKnownFileType = sourcecode.swift; path = vidCellTableViewCell.swift; sourceTree = "<group>"; };
		849371501D6365690096CE4B /* uploadVideoViewController.swift */ = {isa = PBXFileReference; fileEncoding = 4; lastKnownFileType = sourcecode.swift; path = uploadVideoViewController.swift; sourceTree = "<group>"; };
		849371521D6365780096CE4B /* yourVideosViewController.swift */ = {isa = PBXFileReference; fileEncoding = 4; lastKnownFileType = sourcecode.swift; path = yourVideosViewController.swift; sourceTree = "<group>"; };
		849371541D63658C0096CE4B /* addPlanVidViewController.swift */ = {isa = PBXFileReference; fileEncoding = 4; lastKnownFileType = sourcecode.swift; path = addPlanVidViewController.swift; sourceTree = "<group>"; };
		84937EE11D5081EC00E9CBC0 /* SettingViewController.swift */ = {isa = PBXFileReference; fileEncoding = 4; lastKnownFileType = sourcecode.swift; path = SettingViewController.swift; sourceTree = "<group>"; };
		84AB527C1D48877400CB99FE /* journalViewController.swift */ = {isa = PBXFileReference; fileEncoding = 4; lastKnownFileType = sourcecode.swift; path = journalViewController.swift; sourceTree = "<group>"; };
		84AB527F1D48881F00CB99FE /* foodModel.swift */ = {isa = PBXFileReference; fileEncoding = 4; lastKnownFileType = sourcecode.swift; path = foodModel.swift; sourceTree = "<group>"; };
		84AB52811D488A6000CB99FE /* FoodTableViewCell.swift */ = {isa = PBXFileReference; fileEncoding = 4; lastKnownFileType = sourcecode.swift; path = FoodTableViewCell.swift; sourceTree = "<group>"; };
		84B114E71D56416800916206 /* trackingModel.swift */ = {isa = PBXFileReference; fileEncoding = 4; lastKnownFileType = sourcecode.swift; path = trackingModel.swift; sourceTree = "<group>"; };
		84BD7C7E1D63FF5D006A868E /* ratingViewController.swift */ = {isa = PBXFileReference; fileEncoding = 4; lastKnownFileType = sourcecode.swift; path = ratingViewController.swift; sourceTree = "<group>"; };
		84C367881D65680D0033AFC1 /* AddDemoViewController.swift */ = {isa = PBXFileReference; fileEncoding = 4; lastKnownFileType = sourcecode.swift; path = AddDemoViewController.swift; sourceTree = "<group>"; };
		84C8920B1D63450700DA1F2B /* TalksCellTableViewCell.swift */ = {isa = PBXFileReference; fileEncoding = 4; lastKnownFileType = sourcecode.swift; path = TalksCellTableViewCell.swift; sourceTree = "<group>"; };
		84EB16A51D74259B0055BC8A /* editViewController.swift */ = {isa = PBXFileReference; fileEncoding = 4; lastKnownFileType = sourcecode.swift; path = editViewController.swift; sourceTree = "<group>"; };
		84F686BE1D73E7DD008A30EF /* SchedulePlanViewController.swift */ = {isa = PBXFileReference; fileEncoding = 4; lastKnownFileType = sourcecode.swift; path = SchedulePlanViewController.swift; sourceTree = "<group>"; };
		84FACC9A1D4EF86700E73FDC /* Data.swift */ = {isa = PBXFileReference; fileEncoding = 4; lastKnownFileType = sourcecode.swift; path = Data.swift; sourceTree = "<group>"; };
		84FACC9F1D4F01FD00E73FDC /* weeklyPlanViewController.swift */ = {isa = PBXFileReference; fileEncoding = 4; lastKnownFileType = sourcecode.swift; path = weeklyPlanViewController.swift; sourceTree = "<group>"; };
		84FACCA11D4F021100E73FDC /* dailyPlanViewController.swift */ = {isa = PBXFileReference; fileEncoding = 4; lastKnownFileType = sourcecode.swift; path = dailyPlanViewController.swift; sourceTree = "<group>"; };
		84FACCA31D4F022200E73FDC /* DetailViewController.swift */ = {isa = PBXFileReference; fileEncoding = 4; lastKnownFileType = sourcecode.swift; path = DetailViewController.swift; sourceTree = "<group>"; };
		84FACCA71D4F048A00E73FDC /* Activities.swift */ = {isa = PBXFileReference; fileEncoding = 4; lastKnownFileType = sourcecode.swift; path = Activities.swift; sourceTree = "<group>"; };
		84FACCAC1D4F3D6A00E73FDC /* NewfeedViewController.swift */ = {isa = PBXFileReference; fileEncoding = 4; lastKnownFileType = sourcecode.swift; path = NewfeedViewController.swift; sourceTree = "<group>"; };
		84FACCAE1D4F3EC700E73FDC /* newFeed.swift */ = {isa = PBXFileReference; fileEncoding = 4; lastKnownFileType = sourcecode.swift; path = newFeed.swift; sourceTree = "<group>"; };
/* End PBXFileReference section */

/* Begin PBXFrameworksBuildPhase section */
		84181DDB1D47C99800686BAB /* Frameworks */ = {
			isa = PBXFrameworksBuildPhase;
			buildActionMask = 2147483647;
			files = (
				3FEE3F4FA3D69AF73B170521 /* Pods_HealthyLife.framework in Frameworks */,
			);
			runOnlyForDeploymentPostprocessing = 0;
		};
		84181DF21D47C99800686BAB /* Frameworks */ = {
			isa = PBXFrameworksBuildPhase;
			buildActionMask = 2147483647;
			files = (
			);
			runOnlyForDeploymentPostprocessing = 0;
		};
		84181DFD1D47C99800686BAB /* Frameworks */ = {
			isa = PBXFrameworksBuildPhase;
			buildActionMask = 2147483647;
			files = (
			);
			runOnlyForDeploymentPostprocessing = 0;
		};
/* End PBXFrameworksBuildPhase section */

/* Begin PBXGroup section */
		04178D7E1D6ED65000DCE8CA /* Food */ = {
			isa = PBXGroup;
			children = (
				04178D851D6ED96F00DCE8CA /* displayFoodViewController.swift */,
				04178D7F1D6ED67100DCE8CA /* uploadFoodViewController.swift */,
				04DC46821D7D382D00EA456E /* uploadFoodViewController.xib */,
				04178D811D6ED68F00DCE8CA /* FoodCollectionViewCell.swift */,
				04178D831D6ED6A000DCE8CA /* FoodCollectionViewCell.xib */,
			);
			path = Food;
			sourceTree = "<group>";
		};
		042E38581D729A3600BF8D74 /* Bridging-Header */ = {
			isa = PBXGroup;
			children = (
				042E38591D729A3600BF8D74 /* HealthyLife-Bridging-Header.h */,
			);
			path = "Bridging-Header";
			sourceTree = "<group>";
		};
		042E385A1D72A7F900BF8D74 /* Paypal */ = {
			isa = PBXGroup;
			children = (
				042E385B1D72A82300BF8D74 /* NHDPayPalViewController.swift */,
				042E385D1D72ADAA00BF8D74 /* NHDPayPalViewController.xib */,
			);
			path = Paypal;
			sourceTree = "<group>";
		};
		04426AB61D5D9294005B3621 /* Resources */ = {
			isa = PBXGroup;
			children = (
				044E63551D7529DE00E35209 /* Videos */,
				04426AD81D5DA932005B3621 /* Fonts */,
				04426AB71D5D9294005B3621 /* images */,
			);
			path = Resources;
			sourceTree = "<group>";
		};
		04426AB71D5D9294005B3621 /* images */ = {
			isa = PBXGroup;
			children = (
				04A66B8D1D7C6F3700B6BE3E /* LaunchImage-ios7-retina4@2x.png */,
			);
			path = images;
			sourceTree = "<group>";
		};
		04426AC41D5D9B07005B3621 /* Modules */ = {
			isa = PBXGroup;
			children = (
				044E635D1D75619E00E35209 /* YouTube */,
				04B8C4231D73E8A5001D5839 /* VideoPlayer */,
				042E385A1D72A7F900BF8D74 /* Paypal */,
				04178D7E1D6ED65000DCE8CA /* Food */,
				04ABC9531D6BF5B900EF0339 /* Splash */,
				04426ACD1D5D9B07005B3621 /* Tabbar */,
				04426AC51D5D9B07005B3621 /* Personal */,
				04426ACB1D5D9B07005B3621 /* SignIn */,
				04426AF81D5DB4C9005B3621 /* Recorder */,
			);
			path = Modules;
			sourceTree = "<group>";
		};
		04426AC51D5D9B07005B3621 /* Personal */ = {
			isa = PBXGroup;
			children = (
				04426AC61D5D9B07005B3621 /* ActivitiesPlanned */,
				04426AC81D5D9B07005B3621 /* Food */,
			);
			path = Personal;
			sourceTree = "<group>";
		};
		04426AC61D5D9B07005B3621 /* ActivitiesPlanned */ = {
			isa = PBXGroup;
			children = (
				04426AC71D5D9B07005B3621 /* ViewControllers */,
			);
			path = ActivitiesPlanned;
			sourceTree = "<group>";
		};
		04426AC71D5D9B07005B3621 /* ViewControllers */ = {
			isa = PBXGroup;
			children = (
			);
			path = ViewControllers;
			sourceTree = "<group>";
		};
		04426AC81D5D9B07005B3621 /* Food */ = {
			isa = PBXGroup;
			children = (
				04426AC91D5D9B07005B3621 /* ViewControllers */,
				04426ACA1D5D9B07005B3621 /* Views */,
			);
			path = Food;
			sourceTree = "<group>";
		};
		04426AC91D5D9B07005B3621 /* ViewControllers */ = {
			isa = PBXGroup;
			children = (
			);
			path = ViewControllers;
			sourceTree = "<group>";
		};
		04426ACA1D5D9B07005B3621 /* Views */ = {
			isa = PBXGroup;
			children = (
			);
			path = Views;
			sourceTree = "<group>";
		};
		04426ACB1D5D9B07005B3621 /* SignIn */ = {
			isa = PBXGroup;
			children = (
				04426ACC1D5D9B07005B3621 /* SignInViewController.swift */,
				04426AD31D5D9B22005B3621 /* SignIn.storyboard */,
			);
			path = SignIn;
			sourceTree = "<group>";
		};
		04426ACD1D5D9B07005B3621 /* Tabbar */ = {
			isa = PBXGroup;
			children = (
				04426ACE1D5D9B07005B3621 /* view controllers */,
				04426AD01D5D9B07005B3621 /* views */,
			);
			path = Tabbar;
			sourceTree = "<group>";
		};
		04426ACE1D5D9B07005B3621 /* view controllers */ = {
			isa = PBXGroup;
			children = (
				04426ACF1D5D9B07005B3621 /* MainTabBarViewController.swift */,
			);
			path = "view controllers";
			sourceTree = "<group>";
		};
		04426AD01D5D9B07005B3621 /* views */ = {
			isa = PBXGroup;
			children = (
				04426AF41D5DB324005B3621 /* NHDTabbarView.swift */,
				04426AF51D5DB324005B3621 /* NHDTabbarView.xib */,
			);
			path = views;
			sourceTree = "<group>";
		};
		04426AD81D5DA932005B3621 /* Fonts */ = {
			isa = PBXGroup;
			children = (
				04426AD91D5DA932005B3621 /* ChamsBlack.ttf */,
				04426ADA1D5DA932005B3621 /* ChamsBold Italic.ttf */,
				04426ADB1D5DA932005B3621 /* ChamsBold.ttf */,
				04426ADC1D5DA932005B3621 /* ChamsItalic.ttf */,
				04426ADD1D5DA932005B3621 /* ChamsRegular.ttf */,
			);
			path = Fonts;
			sourceTree = "<group>";
		};
		04426AE51D5DAA2C005B3621 /* Share */ = {
			isa = PBXGroup;
			children = (
				042E38581D729A3600BF8D74 /* Bridging-Header */,
				04426AE61D5DAA2C005B3621 /* BaseClasses */,
				04426AE81D5DAA2C005B3621 /* CustomUIs */,
				04426AEA1D5DAA2C005B3621 /* Extensions */,
				04426B1C1D5DBA34005B3621 /* Firebase */,
				04426AED1D5DAA2C005B3621 /* Helpers */,
			);
			path = Share;
			sourceTree = "<group>";
		};
		04426AE61D5DAA2C005B3621 /* BaseClasses */ = {
			isa = PBXGroup;
			children = (
				04426AE71D5DAA2C005B3621 /* BaseNavigationController.swift */,
				04D1AA7D1D67046600106C27 /* BaseViewController.swift */,
				04E7B6E51D6EA8E60088884A /* BaseTabPageViewController.swift */,
				04E7B6E71D6EC0E90088884A /* BaseTableViewController.swift */,
				044E63681D759A5600E35209 /* BaseTableViewCell.swift */,
			);
			path = BaseClasses;
			sourceTree = "<group>";
		};
		04426AE81D5DAA2C005B3621 /* CustomUIs */ = {
			isa = PBXGroup;
			children = (
				04DC46841D7D3E0100EA456E /* CustomCamera.swift */,
				04A66B8B1D7C666F00B6BE3E /* RoundedConrerButton.swift */,
				0452B5061D7B14E00045AEF9 /* FloatRatingView.swift */,
				04426AE91D5DAA2C005B3621 /* NHDFontBucket.swift */,
				04F04F581D7482580094F9E8 /* NHDCircularTuner.swift */,
			);
			path = CustomUIs;
			sourceTree = "<group>";
		};
		04426AEA1D5DAA2C005B3621 /* Extensions */ = {
			isa = PBXGroup;
			children = (
				04426AEB1D5DAA2C005B3621 /* UIImageExtension.swift */,
				04426AEC1D5DAA2C005B3621 /* UIImageViewExtension.swift */,
				04D1AA771D66B3FF00106C27 /* UIColorExtension.swift */,
				04C8F3731D6FF84E004639E8 /* UIFontExtension.swift */,
				040F4FE51D74497A0056725F /* NSTimeIntervalExtension.swift */,
			);
			path = Extensions;
			sourceTree = "<group>";
		};
		04426AED1D5DAA2C005B3621 /* Helpers */ = {
			isa = PBXGroup;
			children = (
				04426AEE1D5DAA2C005B3621 /* Configuration.swift */,
				04D1AA7B1D66FC4E00106C27 /* Helper.swift */,
			);
			path = Helpers;
			sourceTree = "<group>";
		};
		04426AF81D5DB4C9005B3621 /* Recorder */ = {
			isa = PBXGroup;
			children = (
				04426AF91D5DB4C9005B3621 /* ViewControllers */,
				04426B101D5DB4C9005B3621 /* Views */,
			);
			path = Recorder;
			sourceTree = "<group>";
		};
		04426AF91D5DB4C9005B3621 /* ViewControllers */ = {
			isa = PBXGroup;
			children = (
				04426AFB1D5DB4C9005B3621 /* Recorder.storyboard */,
				04426AFC1D5DB4C9005B3621 /* SCRecorderViewController.h */,
				04426AFD1D5DB4C9005B3621 /* SCRecorderViewController.m */,
				04426AFE1D5DB4C9005B3621 /* Source */,
			);
			path = ViewControllers;
			sourceTree = "<group>";
		};
		04426AFE1D5DB4C9005B3621 /* Source */ = {
			isa = PBXGroup;
			children = (
				04426AFF1D5DB4C9005B3621 /* a_filter.cisf */,
				04426B001D5DB4C9005B3621 /* SCEditVideoViewController.h */,
				04426B011D5DB4C9005B3621 /* SCEditVideoViewController.m */,
				04426B021D5DB4C9005B3621 /* SCImageDisplayerViewController.h */,
				04426B031D5DB4C9005B3621 /* SCImageDisplayerViewController.m */,
				04426B041D5DB4C9005B3621 /* SCRecordSessionManager.h */,
				04426B051D5DB4C9005B3621 /* SCRecordSessionManager.m */,
				04426B061D5DB4C9005B3621 /* SCSessionListViewController.h */,
				04426B071D5DB4C9005B3621 /* SCSessionListViewController.m */,
				04426B081D5DB4C9005B3621 /* SCSessionTableViewCell.h */,
				04426B091D5DB4C9005B3621 /* SCSessionTableViewCell.m */,
				04426B0A1D5DB4C9005B3621 /* SCTouchDetector.h */,
				04426B0B1D5DB4C9005B3621 /* SCTouchDetector.m */,
				04426B0C1D5DB4C9005B3621 /* SCVideoPlayerViewController.h */,
				04426B0D1D5DB4C9005B3621 /* SCVideoPlayerViewController.m */,
				04426B0E1D5DB4C9005B3621 /* SCWatermarkOverlayView.h */,
				04426B0F1D5DB4C9005B3621 /* SCWatermarkOverlayView.m */,
			);
			path = Source;
			sourceTree = "<group>";
		};
		04426B101D5DB4C9005B3621 /* Views */ = {
			isa = PBXGroup;
			children = (
			);
			path = Views;
			sourceTree = "<group>";
		};
		04426B1C1D5DBA34005B3621 /* Firebase */ = {
			isa = PBXGroup;
			children = (
				04426B1D1D5DBA34005B3621 /* GoogleService-Info.plist */,
				04426B1E1D5DBA35005B3621 /* HealthyLife-40181a67534f.json */,
			);
			path = Firebase;
			sourceTree = "<group>";
		};
		044E63551D7529DE00E35209 /* Videos */ = {
			isa = PBXGroup;
			children = (
				044E63561D7529DE00E35209 /* videoplayback.mp4 */,
			);
			path = Videos;
			sourceTree = "<group>";
		};
		044E635D1D75619E00E35209 /* YouTube */ = {
			isa = PBXGroup;
			children = (
				044E635E1D75619E00E35209 /* NHDYouTubeSearchVideoVC.swift */,
				044E635F1D75619E00E35209 /* YouTube.storyboard */,
				044E63641D7571B900E35209 /* NHDYouTubeTableViewCell.swift */,
				044E63661D7572EC00E35209 /* NHDYouTubeModel.swift */,
			);
			path = YouTube;
			sourceTree = "<group>";
		};
		04ABC9531D6BF5B900EF0339 /* Splash */ = {
			isa = PBXGroup;
			children = (
				04ABC9541D6BF5E800EF0339 /* NHDSplash.xib */,
				04ABC9561D6BF7FD00EF0339 /* NHDSplash.swift */,
			);
			path = Splash;
			sourceTree = "<group>";
		};
		04B8C4231D73E8A5001D5839 /* VideoPlayer */ = {
			isa = PBXGroup;
			children = (
				04B8C4241D73E8BE001D5839 /* NHDVideoPlayerViewController.swift */,
				04B8C4251D73E8BE001D5839 /* NHDVideoPlayerViewController.xib */,
			);
			path = VideoPlayer;
			sourceTree = "<group>";
		};
		293FBAE7311AD53C884F0F93 /* Pods */ = {
			isa = PBXGroup;
			children = (
				8139B3732A6950CCA938866A /* Pods-HealthyLife.debug.xcconfig */,
				7A91B12079A8F4C1D8E52CAC /* Pods-HealthyLife.release.xcconfig */,
			);
			name = Pods;
			sourceTree = "<group>";
		};
		74CBA2F11D7279FA00E21CE4 /* chart */ = {
			isa = PBXGroup;
			children = (
				744BC7B11D709F2200DE9BD5 /* ChartViewController.swift */,
				74CBA2F21D727A0400E21CE4 /* JBLineChartFooterView.h */,
				74CBA2F31D727A0400E21CE4 /* JBLineChartFooterView.m */,
				74CBA2F51D727A1600E21CE4 /* JBChartHeaderView.h */,
				74CBA2F61D727A1600E21CE4 /* JBChartHeaderView.m */,
			);
			name = chart;
			sourceTree = "<group>";
		};
		84181DD51D47C99800686BAB = {
			isa = PBXGroup;
			children = (
				04426B221D5DBE5F005B3621 /* README.md */,
				84181DE01D47C99800686BAB /* HealthyLife */,
				84181DF81D47C99800686BAB /* HealthyLifeTests */,
				84181E031D47C99800686BAB /* HealthyLifeUITests */,
				84181DDF1D47C99800686BAB /* Products */,
				293FBAE7311AD53C884F0F93 /* Pods */,
				EFB43DCE55C0AD6018ABC50F /* Frameworks */,
			);
			sourceTree = "<group>";
		};
		84181DDF1D47C99800686BAB /* Products */ = {
			isa = PBXGroup;
			children = (
				84181DDE1D47C99800686BAB /* HealthyLife.app */,
				84181DF51D47C99800686BAB /* HealthyLifeTests.xctest */,
				84181E001D47C99800686BAB /* HealthyLifeUITests.xctest */,
			);
			name = Products;
			sourceTree = "<group>";
		};
		84181DE01D47C99800686BAB /* HealthyLife */ = {
			isa = PBXGroup;
			children = (
				04426AE51D5DAA2C005B3621 /* Share */,
				04426AC41D5D9B07005B3621 /* Modules */,
				8448B1A51D58430500DBFFFB /* talkBox */,
				84AB527E1D48880C00CB99FE /* model */,
				84FACCAB1D4F3D5200E73FDC /* newFeed */,
				8482256D1D4E412F00750118 /* demo */,
				84B343D51D485A970085F02E /* personal */,
				84181DE11D47C99800686BAB /* AppDelegate.swift */,
				84181DE51D47C99800686BAB /* Main.storyboard */,
				84181DEB1D47C99800686BAB /* Assets.xcassets */,
				84181DF01D47C99800686BAB /* Info.plist */,
				04426AB61D5D9294005B3621 /* Resources */,
			);
			path = HealthyLife;
			sourceTree = "<group>";
		};
		84181DF81D47C99800686BAB /* HealthyLifeTests */ = {
			isa = PBXGroup;
			children = (
				84181DF91D47C99800686BAB /* HealthyLifeTests.swift */,
				84181DFB1D47C99800686BAB /* Info.plist */,
			);
			path = HealthyLifeTests;
			sourceTree = "<group>";
		};
		84181E031D47C99800686BAB /* HealthyLifeUITests */ = {
			isa = PBXGroup;
			children = (
				84181E041D47C99800686BAB /* HealthyLifeUITests.swift */,
				84181E061D47C99800686BAB /* Info.plist */,
			);
			path = HealthyLifeUITests;
			sourceTree = "<group>";
		};
		8448B1A51D58430500DBFFFB /* talkBox */ = {
			isa = PBXGroup;
			children = (
				8448B1A61D58434500DBFFFB /* chatViewController.swift */,
				844A87281D586E7100DEC697 /* talksViewController.swift */,
				844A872A1D58704D00DEC697 /* chatterModel.swift */,
				84C8920B1D63450700DA1F2B /* TalksCellTableViewCell.swift */,
				746E341D1D67F80900E9C9A0 /* Message.swift */,
			);
			name = talkBox;
			sourceTree = "<group>";
		};
		844902251D5630F800B8ADF3 /* tracking */ = {
			isa = PBXGroup;
			children = (
				844902261D56310C00B8ADF3 /* trackingViewController.swift */,
				846F3D831D56EB3800722674 /* TrackingCellTableViewCell.swift */,
				840E47511D64CF4E0002790C /* DetailsActivitiesDoneViewController.swift */,
				840E47531D64D2AB0002790C /* ActivitiesDoneCellTableViewCell.swift */,
			);
			name = tracking;
			sourceTree = "<group>";
		};
		844A4C8D1D75424F00C9FDFB /* demoFeed */ = {
			isa = PBXGroup;
			children = (
				848225701D4E42CB00750118 /* demoLibViewController.swift */,
				848225721D4E430D00750118 /* demoTableViewCell.swift */,
			);
			name = demoFeed;
			sourceTree = "<group>";
		};
		844A4C901D75428000C9FDFB /* pricelist */ = {
			isa = PBXGroup;
			children = (
				844A4C8E1D75427900C9FDFB /* pricelistCellTableViewCell.swift */,
				842476E61D743884002E796A /* PrictListViewController.swift */,
			);
			name = pricelist;
			sourceTree = "<group>";
		};
		84630B8F1D5767B20006A8FC /* weekly */ = {
			isa = PBXGroup;
			children = (
				84FACC9F1D4F01FD00E73FDC /* weeklyPlanViewController.swift */,
				841DDAB41D5485BD007917E7 /* cellTableViewCell.swift */,
				84630B921D5773D60006A8FC /* sendedPlanCellTableViewCell.swift */,
			);
			name = weekly;
			sourceTree = "<group>";
		};
		84630B901D5767CC0006A8FC /* daily */ = {
			isa = PBXGroup;
			children = (
				84FACCA11D4F021100E73FDC /* dailyPlanViewController.swift */,
				8420E2041D6BF85E00F3CBAE /* cellDailyTableViewCell.swift */,
			);
			name = daily;
			sourceTree = "<group>";
		};
		84630B911D5768390006A8FC /* details */ = {
			isa = PBXGroup;
			children = (
				84FACCA31D4F022200E73FDC /* DetailViewController.swift */,
			);
			name = details;
			sourceTree = "<group>";
		};
		846BFCC91D65AF18009333B1 /* results */ = {
			isa = PBXGroup;
			children = (
				846BFCCA1D65AF31009333B1 /* displayResultViewController.swift */,
				846BFCCC1D65AF3D009333B1 /* uploadResultViewController.swift */,
				844B8FF21D668B0800B42991 /* displayCellTableViewCell.swift */,
			);
			name = results;
			sourceTree = "<group>";
		};
		8482256D1D4E412F00750118 /* demo */ = {
			isa = PBXGroup;
			children = (
				844A4C901D75428000C9FDFB /* pricelist */,
				844A4C8D1D75424F00C9FDFB /* demoFeed */,
				84C367881D65680D0033AFC1 /* AddDemoViewController.swift */,
				84EB16A51D74259B0055BC8A /* editViewController.swift */,
			);
			name = demo;
			sourceTree = "<group>";
		};
		8493714D1D6365230096CE4B /* addVideo */ = {
			isa = PBXGroup;
			children = (
				8493714E1D6365410096CE4B /* vidCellTableViewCell.swift */,
				849371501D6365690096CE4B /* uploadVideoViewController.swift */,
				04D1AA791D66E34D00106C27 /* uploadVideoViewController.xib */,
				849371521D6365780096CE4B /* yourVideosViewController.swift */,
				849371541D63658C0096CE4B /* addPlanVidViewController.swift */,
			);
			name = addVideo;
			sourceTree = "<group>";
		};
		84937EE31D5089BF00E9CBC0 /* setting */ = {
			isa = PBXGroup;
			children = (
				84937EE11D5081EC00E9CBC0 /* SettingViewController.swift */,
				04BE6E251D7AD9490009F1DF /* SettingViewController.xib */,
			);
			name = setting;
			sourceTree = "<group>";
		};
		84AB527E1D48880C00CB99FE /* model */ = {
			isa = PBXGroup;
			children = (
				84B114E61D56415A00916206 /* tracking */,
				84AB527F1D48881F00CB99FE /* foodModel.swift */,
				8482256E1D4E414500750118 /* demoModel.swift */,
				84FACC9A1D4EF86700E73FDC /* Data.swift */,
				84FACCA71D4F048A00E73FDC /* Activities.swift */,
				84FACCAE1D4F3EC700E73FDC /* newFeed.swift */,
				8409619D1D533183008DE12D /* userSettingModel.swift */,
				841DDABA1D54CE34007917E7 /* followerModel.swift */,
				844902231D56064900B8ADF3 /* Plan.swift */,
				84B114E71D56416800916206 /* trackingModel.swift */,
				844B8FF41D668C8900B42991 /* ResultModel.swift */,
			);
			name = model;
			sourceTree = "<group>";
		};
		84B114E61D56415A00916206 /* tracking */ = {
			isa = PBXGroup;
			children = (
			);
			name = tracking;
			sourceTree = "<group>";
		};
		84B343D51D485A970085F02E /* personal */ = {
			isa = PBXGroup;
			children = (
				8493714D1D6365230096CE4B /* addVideo */,
				846BFCC91D65AF18009333B1 /* results */,
				84937EE31D5089BF00E9CBC0 /* setting */,
				844902251D5630F800B8ADF3 /* tracking */,
				84FACC9E1D4F017D00E73FDC /* activitiesPlanned */,
				84FACC9C1D4F016600E73FDC /* food */,
				74CBA2F11D7279FA00E21CE4 /* chart */,
			);
			name = personal;
			sourceTree = "<group>";
		};
		84FACC9C1D4F016600E73FDC /* food */ = {
			isa = PBXGroup;
			children = (
				84AB527C1D48877400CB99FE /* journalViewController.swift */,
				84AB52811D488A6000CB99FE /* FoodTableViewCell.swift */,
			);
			name = food;
			sourceTree = "<group>";
		};
		84FACC9E1D4F017D00E73FDC /* activitiesPlanned */ = {
			isa = PBXGroup;
			children = (
				84630B911D5768390006A8FC /* details */,
				84630B901D5767CC0006A8FC /* daily */,
				84630B8F1D5767B20006A8FC /* weekly */,
				841DDAB61D54917B007917E7 /* sendPlanViewController.swift */,
				84BD7C7E1D63FF5D006A868E /* ratingViewController.swift */,
				84F686BE1D73E7DD008A30EF /* SchedulePlanViewController.swift */,
			);
			name = activitiesPlanned;
			sourceTree = "<group>";
		};
		84FACCAB1D4F3D5200E73FDC /* newFeed */ = {
			isa = PBXGroup;
			children = (
				84FACCAC1D4F3D6A00E73FDC /* NewfeedViewController.swift */,
				847C45401D52E5F500826536 /* NewFeedtablviewCellTableViewCell.swift */,
				840E474B1D64B0D80002790C /* commentsViewController.swift */,
				840E474D1D64B7CE0002790C /* commentCellTableViewCell.swift */,
				8470B3EB1D66D249000D7638 /* TrainerDetailViewController.swift */,
			);
			name = newFeed;
			sourceTree = "<group>";
		};
		EFB43DCE55C0AD6018ABC50F /* Frameworks */ = {
			isa = PBXGroup;
			children = (
				27ED28D4D03289767984B938 /* Pods_HealthyLife.framework */,
			);
			name = Frameworks;
			sourceTree = "<group>";
		};
/* End PBXGroup section */

/* Begin PBXNativeTarget section */
		84181DDD1D47C99800686BAB /* HealthyLife */ = {
			isa = PBXNativeTarget;
			buildConfigurationList = 84181E091D47C99800686BAB /* Build configuration list for PBXNativeTarget "HealthyLife" */;
			buildPhases = (
				9F3531942EA58E9CF2848D05 /* Check Pods Manifest.lock */,
				84181DDA1D47C99800686BAB /* Sources */,
				84181DDB1D47C99800686BAB /* Frameworks */,
				84181DDC1D47C99800686BAB /* Resources */,
				137E2E15B951E35907C4B17A /* Embed Pods Frameworks */,
				8FA4E8D7D6E6D38E177F0168 /* Copy Pods Resources */,
				04426B211D5DBA63005B3621 /* ShellScript */,
			);
			buildRules = (
			);
			dependencies = (
			);
			name = HealthyLife;
			productName = HealthyLife;
			productReference = 84181DDE1D47C99800686BAB /* HealthyLife.app */;
			productType = "com.apple.product-type.application";
		};
		84181DF41D47C99800686BAB /* HealthyLifeTests */ = {
			isa = PBXNativeTarget;
			buildConfigurationList = 84181E0C1D47C99800686BAB /* Build configuration list for PBXNativeTarget "HealthyLifeTests" */;
			buildPhases = (
				84181DF11D47C99800686BAB /* Sources */,
				84181DF21D47C99800686BAB /* Frameworks */,
				84181DF31D47C99800686BAB /* Resources */,
			);
			buildRules = (
			);
			dependencies = (
				84181DF71D47C99800686BAB /* PBXTargetDependency */,
			);
			name = HealthyLifeTests;
			productName = HealthyLifeTests;
			productReference = 84181DF51D47C99800686BAB /* HealthyLifeTests.xctest */;
			productType = "com.apple.product-type.bundle.unit-test";
		};
		84181DFF1D47C99800686BAB /* HealthyLifeUITests */ = {
			isa = PBXNativeTarget;
			buildConfigurationList = 84181E0F1D47C99800686BAB /* Build configuration list for PBXNativeTarget "HealthyLifeUITests" */;
			buildPhases = (
				84181DFC1D47C99800686BAB /* Sources */,
				84181DFD1D47C99800686BAB /* Frameworks */,
				84181DFE1D47C99800686BAB /* Resources */,
			);
			buildRules = (
			);
			dependencies = (
				84181E021D47C99800686BAB /* PBXTargetDependency */,
			);
			name = HealthyLifeUITests;
			productName = HealthyLifeUITests;
			productReference = 84181E001D47C99800686BAB /* HealthyLifeUITests.xctest */;
			productType = "com.apple.product-type.bundle.ui-testing";
		};
/* End PBXNativeTarget section */

/* Begin PBXProject section */
		84181DD61D47C99800686BAB /* Project object */ = {
			isa = PBXProject;
			attributes = {
				CLASSPREFIX = NHD;
				LastSwiftUpdateCheck = 0730;
				LastUpgradeCheck = 0730;
				ORGANIZATIONNAME = "NHD Group";
				TargetAttributes = {
					84181DDD1D47C99800686BAB = {
						CreatedOnToolsVersion = 7.3;
						SystemCapabilities = {
							com.apple.BackgroundModes = {
								enabled = 1;
							};
							com.apple.Push = {
								enabled = 1;
							};
						};
					};
					84181DF41D47C99800686BAB = {
						CreatedOnToolsVersion = 7.3;
						TestTargetID = 84181DDD1D47C99800686BAB;
					};
					84181DFF1D47C99800686BAB = {
						CreatedOnToolsVersion = 7.3;
						TestTargetID = 84181DDD1D47C99800686BAB;
					};
				};
			};
			buildConfigurationList = 84181DD91D47C99800686BAB /* Build configuration list for PBXProject "HealthyLife" */;
			compatibilityVersion = "Xcode 3.2";
			developmentRegion = English;
			hasScannedForEncodings = 0;
			knownRegions = (
				en,
				Base,
			);
			mainGroup = 84181DD51D47C99800686BAB;
			productRefGroup = 84181DDF1D47C99800686BAB /* Products */;
			projectDirPath = "";
			projectRoot = "";
			targets = (
				84181DDD1D47C99800686BAB /* HealthyLife */,
				84181DF41D47C99800686BAB /* HealthyLifeTests */,
				84181DFF1D47C99800686BAB /* HealthyLifeUITests */,
			);
		};
/* End PBXProject section */

/* Begin PBXResourcesBuildPhase section */
		84181DDC1D47C99800686BAB /* Resources */ = {
			isa = PBXResourcesBuildPhase;
			buildActionMask = 2147483647;
			files = (
				04DC46831D7D382D00EA456E /* uploadFoodViewController.xib in Resources */,
				04426B1F1D5DBA35005B3621 /* GoogleService-Info.plist in Resources */,
				04426AE01D5DA932005B3621 /* ChamsBold.ttf in Resources */,
				04426AD41D5D9B22005B3621 /* SignIn.storyboard in Resources */,
				042E385E1D72ADAA00BF8D74 /* NHDPayPalViewController.xib in Resources */,
				04426ADE1D5DA932005B3621 /* ChamsBlack.ttf in Resources */,
				04426B111D5DB4C9005B3621 /* Recorder.storyboard in Resources */,
				04B8C4271D73E8BE001D5839 /* NHDVideoPlayerViewController.xib in Resources */,
				04BE6E261D7AD9490009F1DF /* SettingViewController.xib in Resources */,
				04D1AA7A1D66E34D00106C27 /* uploadVideoViewController.xib in Resources */,
				04426ADF1D5DA932005B3621 /* ChamsBold Italic.ttf in Resources */,
				04426B131D5DB4C9005B3621 /* a_filter.cisf in Resources */,
				04A66B8E1D7C6F3700B6BE3E /* LaunchImage-ios7-retina4@2x.png in Resources */,
				04ABC9551D6BF5E800EF0339 /* NHDSplash.xib in Resources */,
				04426AF71D5DB324005B3621 /* NHDTabbarView.xib in Resources */,
				04178D841D6ED6A000DCE8CA /* FoodCollectionViewCell.xib in Resources */,
				044E63571D7529DE00E35209 /* videoplayback.mp4 in Resources */,
				04426AE11D5DA932005B3621 /* ChamsItalic.ttf in Resources */,
				04426AE21D5DA932005B3621 /* ChamsRegular.ttf in Resources */,
				84181DEC1D47C99800686BAB /* Assets.xcassets in Resources */,
				84181DE71D47C99800686BAB /* Main.storyboard in Resources */,
				044E63611D75619E00E35209 /* YouTube.storyboard in Resources */,
				04426B201D5DBA35005B3621 /* HealthyLife-40181a67534f.json in Resources */,
			);
			runOnlyForDeploymentPostprocessing = 0;
		};
		84181DF31D47C99800686BAB /* Resources */ = {
			isa = PBXResourcesBuildPhase;
			buildActionMask = 2147483647;
			files = (
			);
			runOnlyForDeploymentPostprocessing = 0;
		};
		84181DFE1D47C99800686BAB /* Resources */ = {
			isa = PBXResourcesBuildPhase;
			buildActionMask = 2147483647;
			files = (
			);
			runOnlyForDeploymentPostprocessing = 0;
		};
/* End PBXResourcesBuildPhase section */

/* Begin PBXShellScriptBuildPhase section */
		04426B211D5DBA63005B3621 /* ShellScript */ = {
			isa = PBXShellScriptBuildPhase;
			buildActionMask = 8;
			files = (
			);
			inputPaths = (
			);
			outputPaths = (
			);
			runOnlyForDeploymentPostprocessing = 1;
			shellPath = /bin/sh;
			shellScript = "JSON_FILE=HealthyLife/Share/Firebase/HealthyLife-40181a67534f.json\n\nGOOGLE_APP_ID=1:5549772432:ios:0225cd86a4b27226\n\ndefaults write com.google.SymbolUpload version -integer 1   # creates file if it does not exist\nJSON=$(cat \"${JSON_FILE}\")\n/usr/bin/plutil -replace \"app_${GOOGLE_APP_ID//:/_}\" -json \"${JSON}\" \"$HOME/Library/Preferences/com.google.SymbolUpload.plist\"\n\"${PODS_ROOT}\"/FirebaseCrash/upload-sym";
			showEnvVarsInLog = 0;
		};
		137E2E15B951E35907C4B17A /* Embed Pods Frameworks */ = {
			isa = PBXShellScriptBuildPhase;
			buildActionMask = 2147483647;
			files = (
			);
			inputPaths = (
			);
			name = "Embed Pods Frameworks";
			outputPaths = (
			);
			runOnlyForDeploymentPostprocessing = 0;
			shellPath = /bin/sh;
			shellScript = "\"${SRCROOT}/Pods/Target Support Files/Pods-HealthyLife/Pods-HealthyLife-frameworks.sh\"\n";
			showEnvVarsInLog = 0;
		};
		8FA4E8D7D6E6D38E177F0168 /* Copy Pods Resources */ = {
			isa = PBXShellScriptBuildPhase;
			buildActionMask = 2147483647;
			files = (
			);
			inputPaths = (
			);
			name = "Copy Pods Resources";
			outputPaths = (
			);
			runOnlyForDeploymentPostprocessing = 0;
			shellPath = /bin/sh;
			shellScript = "\"${SRCROOT}/Pods/Target Support Files/Pods-HealthyLife/Pods-HealthyLife-resources.sh\"\n";
			showEnvVarsInLog = 0;
		};
		9F3531942EA58E9CF2848D05 /* Check Pods Manifest.lock */ = {
			isa = PBXShellScriptBuildPhase;
			buildActionMask = 2147483647;
			files = (
			);
			inputPaths = (
			);
			name = "Check Pods Manifest.lock";
			outputPaths = (
			);
			runOnlyForDeploymentPostprocessing = 0;
			shellPath = /bin/sh;
			shellScript = "diff \"${PODS_ROOT}/../Podfile.lock\" \"${PODS_ROOT}/Manifest.lock\" > /dev/null\nif [[ $? != 0 ]] ; then\n    cat << EOM\nerror: The sandbox is not in sync with the Podfile.lock. Run 'pod install' or update your CocoaPods installation.\nEOM\n    exit 1\nfi\n";
			showEnvVarsInLog = 0;
		};
/* End PBXShellScriptBuildPhase section */

/* Begin PBXSourcesBuildPhase section */
		84181DDA1D47C99800686BAB /* Sources */ = {
			isa = PBXSourcesBuildPhase;
			buildActionMask = 2147483647;
			files = (
				04D1AA7E1D67046600106C27 /* BaseViewController.swift in Sources */,
				844A872B1D58704D00DEC697 /* chatterModel.swift in Sources */,
				04A66B8C1D7C666F00B6BE3E /* RoundedConrerButton.swift in Sources */,
				844A4C8F1D75427900C9FDFB /* pricelistCellTableViewCell.swift in Sources */,
				8470B3EC1D66D249000D7638 /* TrainerDetailViewController.swift in Sources */,
				844902271D56310C00B8ADF3 /* trackingViewController.swift in Sources */,
				04426B121D5DB4C9005B3621 /* SCRecorderViewController.m in Sources */,
				744BC7B21D709F2200DE9BD5 /* ChartViewController.swift in Sources */,
				840E47521D64CF4E0002790C /* DetailsActivitiesDoneViewController.swift in Sources */,
				849371511D6365690096CE4B /* uploadVideoViewController.swift in Sources */,
				84EB16A61D74259B0055BC8A /* editViewController.swift in Sources */,
				04426AD21D5D9B07005B3621 /* MainTabBarViewController.swift in Sources */,
				04D1AA7C1D66FC4E00106C27 /* Helper.swift in Sources */,
				84F686BF1D73E7DD008A30EF /* SchedulePlanViewController.swift in Sources */,
				84630B931D5773D60006A8FC /* sendedPlanCellTableViewCell.swift in Sources */,
				84181DE21D47C99800686BAB /* AppDelegate.swift in Sources */,
				84B114E81D56416800916206 /* trackingModel.swift in Sources */,
				044E63691D759A5600E35209 /* BaseTableViewCell.swift in Sources */,
				84C367891D65680D0033AFC1 /* AddDemoViewController.swift in Sources */,
				04ABC9571D6BF7FD00EF0339 /* NHDSplash.swift in Sources */,
				847C45411D52E5F500826536 /* NewFeedtablviewCellTableViewCell.swift in Sources */,
				844902241D56064900B8ADF3 /* Plan.swift in Sources */,
				8493714F1D6365410096CE4B /* vidCellTableViewCell.swift in Sources */,
				84FACCA21D4F021100E73FDC /* dailyPlanViewController.swift in Sources */,
				84FACCA01D4F01FD00E73FDC /* weeklyPlanViewController.swift in Sources */,
				74CBA2F41D727A0400E21CE4 /* JBLineChartFooterView.m in Sources */,
				04426AF01D5DAA2C005B3621 /* NHDFontBucket.swift in Sources */,
				841DDAB71D54917B007917E7 /* sendPlanViewController.swift in Sources */,
				846F3D841D56EB3800722674 /* TrackingCellTableViewCell.swift in Sources */,
				04426AF21D5DAA2C005B3621 /* UIImageViewExtension.swift in Sources */,
				846BFCCB1D65AF31009333B1 /* displayResultViewController.swift in Sources */,
				04F04F591D7482580094F9E8 /* NHDCircularTuner.swift in Sources */,
				0452B5071D7B14E00045AEF9 /* FloatRatingView.swift in Sources */,
				04426B141D5DB4C9005B3621 /* SCEditVideoViewController.m in Sources */,
				846BFCCD1D65AF3D009333B1 /* uploadResultViewController.swift in Sources */,
				8420E2051D6BF85E00F3CBAE /* cellDailyTableViewCell.swift in Sources */,
				04426B1B1D5DB4C9005B3621 /* SCWatermarkOverlayView.m in Sources */,
				044E63601D75619E00E35209 /* NHDYouTubeSearchVideoVC.swift in Sources */,
				04178D801D6ED67100DCE8CA /* uploadFoodViewController.swift in Sources */,
				84AB527D1D48877400CB99FE /* journalViewController.swift in Sources */,
				840E47541D64D2AB0002790C /* ActivitiesDoneCellTableViewCell.swift in Sources */,
				04178D861D6ED96F00DCE8CA /* displayFoodViewController.swift in Sources */,
				844B8FF31D668B0800B42991 /* displayCellTableViewCell.swift in Sources */,
				04E7B6E61D6EA8E70088884A /* BaseTabPageViewController.swift in Sources */,
				84FACCA41D4F022200E73FDC /* DetailViewController.swift in Sources */,
				04C8F3741D6FF84E004639E8 /* UIFontExtension.swift in Sources */,
				04426B151D5DB4C9005B3621 /* SCImageDisplayerViewController.m in Sources */,
				84FACCA81D4F048A00E73FDC /* Activities.swift in Sources */,
				842476E71D743884002E796A /* PrictListViewController.swift in Sources */,
				8409619E1D533183008DE12D /* userSettingModel.swift in Sources */,
				042E385C1D72A82300BF8D74 /* NHDPayPalViewController.swift in Sources */,
				04DC46851D7D3E0100EA456E /* CustomCamera.swift in Sources */,
				8448B1A71D58434500DBFFFB /* chatViewController.swift in Sources */,
				04426AF31D5DAA2C005B3621 /* Configuration.swift in Sources */,
				04B8C4261D73E8BE001D5839 /* NHDVideoPlayerViewController.swift in Sources */,
				044E63671D7572EC00E35209 /* NHDYouTubeModel.swift in Sources */,
				84C8920C1D63450700DA1F2B /* TalksCellTableViewCell.swift in Sources */,
				844B8FF51D668C8900B42991 /* ResultModel.swift in Sources */,
				04426B171D5DB4C9005B3621 /* SCSessionListViewController.m in Sources */,
				746E341E1D67F80900E9C9A0 /* Message.swift in Sources */,
				040F4FE61D74497A0056725F /* NSTimeIntervalExtension.swift in Sources */,
				84BD7C7F1D63FF5D006A868E /* ratingViewController.swift in Sources */,
				84FACCAD1D4F3D6A00E73FDC /* NewfeedViewController.swift in Sources */,
				84AB52821D488A6000CB99FE /* FoodTableViewCell.swift in Sources */,
				04426B1A1D5DB4C9005B3621 /* SCVideoPlayerViewController.m in Sources */,
				841DDABB1D54CE34007917E7 /* followerModel.swift in Sources */,
				84AB52801D48881F00CB99FE /* foodModel.swift in Sources */,
				04426AF11D5DAA2C005B3621 /* UIImageExtension.swift in Sources */,
				840E474C1D64B0D80002790C /* commentsViewController.swift in Sources */,
				044E63651D7571B900E35209 /* NHDYouTubeTableViewCell.swift in Sources */,
				848225711D4E42CB00750118 /* demoLibViewController.swift in Sources */,
				74CBA2F71D727A1600E21CE4 /* JBChartHeaderView.m in Sources */,
				04E7B6E81D6EC0E90088884A /* BaseTableViewController.swift in Sources */,
				84FACC9B1D4EF86700E73FDC /* Data.swift in Sources */,
				04426B191D5DB4C9005B3621 /* SCTouchDetector.m in Sources */,
				8482256F1D4E414500750118 /* demoModel.swift in Sources */,
				84937EE21D5081EC00E9CBC0 /* SettingViewController.swift in Sources */,
				04D1AA781D66B3FF00106C27 /* UIColorExtension.swift in Sources */,
				848225731D4E430D00750118 /* demoTableViewCell.swift in Sources */,
				841DDAB51D5485BD007917E7 /* cellTableViewCell.swift in Sources */,
				04426AD11D5D9B07005B3621 /* SignInViewController.swift in Sources */,
				04426AEF1D5DAA2C005B3621 /* BaseNavigationController.swift in Sources */,
				04426B161D5DB4C9005B3621 /* SCRecordSessionManager.m in Sources */,
				84FACCAF1D4F3EC700E73FDC /* newFeed.swift in Sources */,
				04426B181D5DB4C9005B3621 /* SCSessionTableViewCell.m in Sources */,
				849371551D63658C0096CE4B /* addPlanVidViewController.swift in Sources */,
				04426AF61D5DB324005B3621 /* NHDTabbarView.swift in Sources */,
				844A87291D586E7100DEC697 /* talksViewController.swift in Sources */,
				840E474E1D64B7CE0002790C /* commentCellTableViewCell.swift in Sources */,
				04178D821D6ED68F00DCE8CA /* FoodCollectionViewCell.swift in Sources */,
				849371531D6365780096CE4B /* yourVideosViewController.swift in Sources */,
			);
			runOnlyForDeploymentPostprocessing = 0;
		};
		84181DF11D47C99800686BAB /* Sources */ = {
			isa = PBXSourcesBuildPhase;
			buildActionMask = 2147483647;
			files = (
				84181DFA1D47C99800686BAB /* HealthyLifeTests.swift in Sources */,
			);
			runOnlyForDeploymentPostprocessing = 0;
		};
		84181DFC1D47C99800686BAB /* Sources */ = {
			isa = PBXSourcesBuildPhase;
			buildActionMask = 2147483647;
			files = (
				84181E051D47C99800686BAB /* HealthyLifeUITests.swift in Sources */,
			);
			runOnlyForDeploymentPostprocessing = 0;
		};
/* End PBXSourcesBuildPhase section */

/* Begin PBXTargetDependency section */
		84181DF71D47C99800686BAB /* PBXTargetDependency */ = {
			isa = PBXTargetDependency;
			target = 84181DDD1D47C99800686BAB /* HealthyLife */;
			targetProxy = 84181DF61D47C99800686BAB /* PBXContainerItemProxy */;
		};
		84181E021D47C99800686BAB /* PBXTargetDependency */ = {
			isa = PBXTargetDependency;
			target = 84181DDD1D47C99800686BAB /* HealthyLife */;
			targetProxy = 84181E011D47C99800686BAB /* PBXContainerItemProxy */;
		};
/* End PBXTargetDependency section */

/* Begin PBXVariantGroup section */
		84181DE51D47C99800686BAB /* Main.storyboard */ = {
			isa = PBXVariantGroup;
			children = (
				84181DE61D47C99800686BAB /* Base */,
			);
			name = Main.storyboard;
			sourceTree = "<group>";
		};
/* End PBXVariantGroup section */

/* Begin XCBuildConfiguration section */
		84181E071D47C99800686BAB /* Debug */ = {
			isa = XCBuildConfiguration;
			buildSettings = {
				ALWAYS_SEARCH_USER_PATHS = NO;
				CLANG_ANALYZER_NONNULL = YES;
				CLANG_CXX_LANGUAGE_STANDARD = "gnu++0x";
				CLANG_CXX_LIBRARY = "libc++";
				CLANG_ENABLE_MODULES = YES;
				CLANG_ENABLE_OBJC_ARC = YES;
				CLANG_WARN_BOOL_CONVERSION = YES;
				CLANG_WARN_CONSTANT_CONVERSION = YES;
				CLANG_WARN_DIRECT_OBJC_ISA_USAGE = YES_ERROR;
				CLANG_WARN_EMPTY_BODY = YES;
				CLANG_WARN_ENUM_CONVERSION = YES;
				CLANG_WARN_INT_CONVERSION = YES;
				CLANG_WARN_OBJC_ROOT_CLASS = YES_ERROR;
				CLANG_WARN_UNREACHABLE_CODE = YES;
				CLANG_WARN__DUPLICATE_METHOD_MATCH = YES;
				"CODE_SIGN_IDENTITY[sdk=iphoneos*]" = "iPhone Developer";
				COPY_PHASE_STRIP = NO;
				DEBUG_INFORMATION_FORMAT = dwarf;
				ENABLE_STRICT_OBJC_MSGSEND = YES;
				ENABLE_TESTABILITY = YES;
				GCC_C_LANGUAGE_STANDARD = gnu99;
				GCC_DYNAMIC_NO_PIC = NO;
				GCC_NO_COMMON_BLOCKS = YES;
				GCC_OPTIMIZATION_LEVEL = 0;
				GCC_PREPROCESSOR_DEFINITIONS = (
					"DEBUG=1",
					"$(inherited)",
				);
				GCC_WARN_64_TO_32_BIT_CONVERSION = YES;
				GCC_WARN_ABOUT_RETURN_TYPE = YES_ERROR;
				GCC_WARN_UNDECLARED_SELECTOR = YES;
				GCC_WARN_UNINITIALIZED_AUTOS = YES_AGGRESSIVE;
				GCC_WARN_UNUSED_FUNCTION = YES;
				GCC_WARN_UNUSED_VARIABLE = YES;
				IPHONEOS_DEPLOYMENT_TARGET = 9.0;
				MTL_ENABLE_DEBUG_INFO = YES;
				ONLY_ACTIVE_ARCH = YES;
				SDKROOT = iphoneos;
				SWIFT_OBJC_BRIDGING_HEADER = "HealthyLife/Share/Bridging-Header/HealthyLife-Bridging-Header.h";
				SWIFT_OPTIMIZATION_LEVEL = "-Onone";
			};
			name = Debug;
		};
		84181E081D47C99800686BAB /* Release */ = {
			isa = XCBuildConfiguration;
			buildSettings = {
				ALWAYS_SEARCH_USER_PATHS = NO;
				CLANG_ANALYZER_NONNULL = YES;
				CLANG_CXX_LANGUAGE_STANDARD = "gnu++0x";
				CLANG_CXX_LIBRARY = "libc++";
				CLANG_ENABLE_MODULES = YES;
				CLANG_ENABLE_OBJC_ARC = YES;
				CLANG_WARN_BOOL_CONVERSION = YES;
				CLANG_WARN_CONSTANT_CONVERSION = YES;
				CLANG_WARN_DIRECT_OBJC_ISA_USAGE = YES_ERROR;
				CLANG_WARN_EMPTY_BODY = YES;
				CLANG_WARN_ENUM_CONVERSION = YES;
				CLANG_WARN_INT_CONVERSION = YES;
				CLANG_WARN_OBJC_ROOT_CLASS = YES_ERROR;
				CLANG_WARN_UNREACHABLE_CODE = YES;
				CLANG_WARN__DUPLICATE_METHOD_MATCH = YES;
				"CODE_SIGN_IDENTITY[sdk=iphoneos*]" = "iPhone Developer";
				COPY_PHASE_STRIP = NO;
				DEBUG_INFORMATION_FORMAT = "dwarf-with-dsym";
				ENABLE_NS_ASSERTIONS = NO;
				ENABLE_STRICT_OBJC_MSGSEND = YES;
				GCC_C_LANGUAGE_STANDARD = gnu99;
				GCC_NO_COMMON_BLOCKS = YES;
				GCC_WARN_64_TO_32_BIT_CONVERSION = YES;
				GCC_WARN_ABOUT_RETURN_TYPE = YES_ERROR;
				GCC_WARN_UNDECLARED_SELECTOR = YES;
				GCC_WARN_UNINITIALIZED_AUTOS = YES_AGGRESSIVE;
				GCC_WARN_UNUSED_FUNCTION = YES;
				GCC_WARN_UNUSED_VARIABLE = YES;
				IPHONEOS_DEPLOYMENT_TARGET = 9.0;
				MTL_ENABLE_DEBUG_INFO = NO;
				SDKROOT = iphoneos;
				SWIFT_OBJC_BRIDGING_HEADER = "HealthyLife/Share/Bridging-Header/HealthyLife-Bridging-Header.h";
				VALIDATE_PRODUCT = YES;
			};
			name = Release;
		};
		84181E0A1D47C99800686BAB /* Debug */ = {
			isa = XCBuildConfiguration;
			baseConfigurationReference = 8139B3732A6950CCA938866A /* Pods-HealthyLife.debug.xcconfig */;
			buildSettings = {
				ASSETCATALOG_COMPILER_APPICON_NAME = AppIcon;
				ASSETCATALOG_COMPILER_LAUNCHIMAGE_NAME = "Brand Assets";
				CODE_SIGN_IDENTITY = "iPhone Developer";
				INFOPLIST_FILE = HealthyLife/Info.plist;
				LD_RUNPATH_SEARCH_PATHS = "$(inherited) @executable_path/Frameworks";
				PRODUCT_BUNDLE_IDENTIFIER = nguyenbui.com.HealthyLife;
				PRODUCT_NAME = "$(TARGET_NAME)";
			};
			name = Debug;
		};
		84181E0B1D47C99800686BAB /* Release */ = {
			isa = XCBuildConfiguration;
			baseConfigurationReference = 7A91B12079A8F4C1D8E52CAC /* Pods-HealthyLife.release.xcconfig */;
			buildSettings = {
				ASSETCATALOG_COMPILER_APPICON_NAME = AppIcon;
				ASSETCATALOG_COMPILER_LAUNCHIMAGE_NAME = "Brand Assets";
				CODE_SIGN_IDENTITY = "iPhone Developer";
				INFOPLIST_FILE = HealthyLife/Info.plist;
				LD_RUNPATH_SEARCH_PATHS = "$(inherited) @executable_path/Frameworks";
				PRODUCT_BUNDLE_IDENTIFIER = nguyenbui.com.HealthyLife;
				PRODUCT_NAME = "$(TARGET_NAME)";
			};
			name = Release;
		};
		84181E0D1D47C99800686BAB /* Debug */ = {
			isa = XCBuildConfiguration;
			buildSettings = {
				BUNDLE_LOADER = "$(TEST_HOST)";
				INFOPLIST_FILE = HealthyLifeTests/Info.plist;
				LD_RUNPATH_SEARCH_PATHS = "$(inherited) @executable_path/Frameworks @loader_path/Frameworks";
				PRODUCT_BUNDLE_IDENTIFIER = nguyenbui.com.HealthyLifeTests;
				PRODUCT_NAME = "$(TARGET_NAME)";
				TEST_HOST = "$(BUILT_PRODUCTS_DIR)/HealthyLife.app/HealthyLife";
			};
			name = Debug;
		};
		84181E0E1D47C99800686BAB /* Release */ = {
			isa = XCBuildConfiguration;
			buildSettings = {
				BUNDLE_LOADER = "$(TEST_HOST)";
				INFOPLIST_FILE = HealthyLifeTests/Info.plist;
				LD_RUNPATH_SEARCH_PATHS = "$(inherited) @executable_path/Frameworks @loader_path/Frameworks";
				PRODUCT_BUNDLE_IDENTIFIER = nguyenbui.com.HealthyLifeTests;
				PRODUCT_NAME = "$(TARGET_NAME)";
				TEST_HOST = "$(BUILT_PRODUCTS_DIR)/HealthyLife.app/HealthyLife";
			};
			name = Release;
		};
		84181E101D47C99800686BAB /* Debug */ = {
			isa = XCBuildConfiguration;
			buildSettings = {
				INFOPLIST_FILE = HealthyLifeUITests/Info.plist;
				LD_RUNPATH_SEARCH_PATHS = "$(inherited) @executable_path/Frameworks @loader_path/Frameworks";
				PRODUCT_BUNDLE_IDENTIFIER = nguyenbui.com.HealthyLifeUITests;
				PRODUCT_NAME = "$(TARGET_NAME)";
				TEST_TARGET_NAME = HealthyLife;
			};
			name = Debug;
		};
		84181E111D47C99800686BAB /* Release */ = {
			isa = XCBuildConfiguration;
			buildSettings = {
				INFOPLIST_FILE = HealthyLifeUITests/Info.plist;
				LD_RUNPATH_SEARCH_PATHS = "$(inherited) @executable_path/Frameworks @loader_path/Frameworks";
				PRODUCT_BUNDLE_IDENTIFIER = nguyenbui.com.HealthyLifeUITests;
				PRODUCT_NAME = "$(TARGET_NAME)";
				TEST_TARGET_NAME = HealthyLife;
			};
			name = Release;
		};
/* End XCBuildConfiguration section */

/* Begin XCConfigurationList section */
		84181DD91D47C99800686BAB /* Build configuration list for PBXProject "HealthyLife" */ = {
			isa = XCConfigurationList;
			buildConfigurations = (
				84181E071D47C99800686BAB /* Debug */,
				84181E081D47C99800686BAB /* Release */,
			);
			defaultConfigurationIsVisible = 0;
			defaultConfigurationName = Release;
		};
		84181E091D47C99800686BAB /* Build configuration list for PBXNativeTarget "HealthyLife" */ = {
			isa = XCConfigurationList;
			buildConfigurations = (
				84181E0A1D47C99800686BAB /* Debug */,
				84181E0B1D47C99800686BAB /* Release */,
			);
			defaultConfigurationIsVisible = 0;
			defaultConfigurationName = Release;
		};
		84181E0C1D47C99800686BAB /* Build configuration list for PBXNativeTarget "HealthyLifeTests" */ = {
			isa = XCConfigurationList;
			buildConfigurations = (
				84181E0D1D47C99800686BAB /* Debug */,
				84181E0E1D47C99800686BAB /* Release */,
			);
			defaultConfigurationIsVisible = 0;
			defaultConfigurationName = Release;
		};
		84181E0F1D47C99800686BAB /* Build configuration list for PBXNativeTarget "HealthyLifeUITests" */ = {
			isa = XCConfigurationList;
			buildConfigurations = (
				84181E101D47C99800686BAB /* Debug */,
				84181E111D47C99800686BAB /* Release */,
			);
			defaultConfigurationIsVisible = 0;
			defaultConfigurationName = Release;
		};
/* End XCConfigurationList section */
	};
	rootObject = 84181DD61D47C99800686BAB /* Project object */;
}
